
Microsoft Visual Studio Solution File, Format Version 12.00
# Visual Studio Version 16
VisualStudioVersion = 16.0.29613.14
MinimumVisualStudioVersion = 10.0.40219.1
Project("{FAE04EC0-301F-11D3-BF4B-00C04F79EFBC}") = "_01", "_01\_01.csproj", "{B8C3555E-8417-4575-A7DA-A74B8A77C7AD}"
EndProject
Project("{FAE04EC0-301F-11D3-BF4B-00C04F79EFBC}") = "_02", "_02\_02.csproj", "{D99C62B9-A8F2-4B53-ABE5-C0967BF6B192}"
EndProject
Project("{FAE04EC0-301F-11D3-BF4B-00C04F79EFBC}") = "_03", "_03\_03.csproj", "{F238458C-E4C0-4CEB-BD92-9E8032FA5888}"
EndProject
Project("{FAE04EC0-301F-11D3-BF4B-00C04F79EFBC}") = "_04", "_04\_04.csproj", "{7E5F882D-4C81-45FC-8A82-EAAB983FFCF3}"
EndProject
Project("{FAE04EC0-301F-11D3-BF4B-00C04F79EFBC}") = "_05", "_05\_05.csproj", "{EBF59489-2C65-4077-8947-C0D8BF7CDB06}"
EndProject
Project("{FAE04EC0-301F-11D3-BF4B-00C04F79EFBC}") = "_06", "_06\_06.csproj", "{CD6ADF9B-9CD1-495A-AC67-08E411A1E941}"
EndProject
Project("{FAE04EC0-301F-11D3-BF4B-00C04F79EFBC}") = "_07", "_07\_07.csproj", "{0CB1FA6C-F52B-42B3-954C-8D137EDD71DB}"
EndProject
Project("{FAE04EC0-301F-11D3-BF4B-00C04F79EFBC}") = "_08", "_08\_08.csproj", "{7D0FB965-D7D1-4A9D-A39D-18C8242D25C8}"
EndProject
Project("{FAE04EC0-301F-11D3-BF4B-00C04F79EFBC}") = "_09", "_09\_09.csproj", "{48DF0C3C-A939-4162-97F3-31760D6FEDAE}"
EndProject
Project("{FAE04EC0-301F-11D3-BF4B-00C04F79EFBC}") = "_10", "_10\_10.csproj", "{8BA3F49A-E7C3-44C2-983E-BB58D7FA7D2F}"
EndProject
Project("{FAE04EC0-301F-11D3-BF4B-00C04F79EFBC}") = "_11", "_11\_11.csproj", "{481EEC1D-BC9A-49BD-805F-82E390CBEAC3}"
EndProject
Project("{FAE04EC0-301F-11D3-BF4B-00C04F79EFBC}") = "_12", "_12\_12.csproj", "{EFD37849-6FEA-44FB-9229-12CCE90DFDE8}"
EndProject
Global
	GlobalSection(SolutionConfigurationPlatforms) = preSolution
		Debug|Any CPU = Debug|Any CPU
		Release|Any CPU = Release|Any CPU
	EndGlobalSection
	GlobalSection(ProjectConfigurationPlatforms) = postSolution
		{B8C3555E-8417-4575-A7DA-A74B8A77C7AD}.Debug|Any CPU.ActiveCfg = Debug|Any CPU
		{B8C3555E-8417-4575-A7DA-A74B8A77C7AD}.Debug|Any CPU.Build.0 = Debug|Any CPU
		{B8C3555E-8417-4575-A7DA-A74B8A77C7AD}.Release|Any CPU.ActiveCfg = Release|Any CPU
		{B8C3555E-8417-4575-A7DA-A74B8A77C7AD}.Release|Any CPU.Build.0 = Release|Any CPU
		{D99C62B9-A8F2-4B53-ABE5-C0967BF6B192}.Debug|Any CPU.ActiveCfg = Debug|Any CPU
		{D99C62B9-A8F2-4B53-ABE5-C0967BF6B192}.Debug|Any CPU.Build.0 = Debug|Any CPU
		{D99C62B9-A8F2-4B53-ABE5-C0967BF6B192}.Release|Any CPU.ActiveCfg = Release|Any CPU
		{D99C62B9-A8F2-4B53-ABE5-C0967BF6B192}.Release|Any CPU.Build.0 = Release|Any CPU
		{F238458C-E4C0-4CEB-BD92-9E8032FA5888}.Debug|Any CPU.ActiveCfg = Debug|Any CPU
		{F238458C-E4C0-4CEB-BD92-9E8032FA5888}.Debug|Any CPU.Build.0 = Debug|Any CPU
		{F238458C-E4C0-4CEB-BD92-9E8032FA5888}.Release|Any CPU.ActiveCfg = Release|Any CPU
		{F238458C-E4C0-4CEB-BD92-9E8032FA5888}.Release|Any CPU.Build.0 = Release|Any CPU
		{7E5F882D-4C81-45FC-8A82-EAAB983FFCF3}.Debug|Any CPU.ActiveCfg = Debug|Any CPU
		{7E5F882D-4C81-45FC-8A82-EAAB983FFCF3}.Debug|Any CPU.Build.0 = Debug|Any CPU
		{7E5F882D-4C81-45FC-8A82-EAAB983FFCF3}.Release|Any CPU.ActiveCfg = Release|Any CPU
		{7E5F882D-4C81-45FC-8A82-EAAB983FFCF3}.Release|Any CPU.Build.0 = Release|Any CPU
		{EBF59489-2C65-4077-8947-C0D8BF7CDB06}.Debug|Any CPU.ActiveCfg = Debug|Any CPU
		{EBF59489-2C65-4077-8947-C0D8BF7CDB06}.Debug|Any CPU.Build.0 = Debug|Any CPU
		{EBF59489-2C65-4077-8947-C0D8BF7CDB06}.Release|Any CPU.ActiveCfg = Release|Any CPU
		{EBF59489-2C65-4077-8947-C0D8BF7CDB06}.Release|Any CPU.Build.0 = Release|Any CPU
		{CD6ADF9B-9CD1-495A-AC67-08E411A1E941}.Debug|Any CPU.ActiveCfg = Debug|Any CPU
		{CD6ADF9B-9CD1-495A-AC67-08E411A1E941}.Debug|Any CPU.Build.0 = Debug|Any CPU
		{CD6ADF9B-9CD1-495A-AC67-08E411A1E941}.Release|Any CPU.ActiveCfg = Release|Any CPU
		{CD6ADF9B-9CD1-495A-AC67-08E411A1E941}.Release|Any CPU.Build.0 = Release|Any CPU
		{0CB1FA6C-F52B-42B3-954C-8D137EDD71DB}.Debug|Any CPU.ActiveCfg = Debug|Any CPU
		{0CB1FA6C-F52B-42B3-954C-8D137EDD71DB}.Debug|Any CPU.Build.0 = Debug|Any CPU
		{0CB1FA6C-F52B-42B3-954C-8D137EDD71DB}.Release|Any CPU.ActiveCfg = Release|Any CPU
		{0CB1FA6C-F52B-42B3-954C-8D137EDD71DB}.Release|Any CPU.Build.0 = Release|Any CPU
		{7D0FB965-D7D1-4A9D-A39D-18C8242D25C8}.Debug|Any CPU.ActiveCfg = Debug|Any CPU
		{7D0FB965-D7D1-4A9D-A39D-18C8242D25C8}.Debug|Any CPU.Build.0 = Debug|Any CPU
		{7D0FB965-D7D1-4A9D-A39D-18C8242D25C8}.Release|Any CPU.ActiveCfg = Release|Any CPU
		{7D0FB965-D7D1-4A9D-A39D-18C8242D25C8}.Release|Any CPU.Build.0 = Release|Any CPU
		{48DF0C3C-A939-4162-97F3-31760D6FEDAE}.Debug|Any CPU.ActiveCfg = Debug|Any CPU
		{48DF0C3C-A939-4162-97F3-31760D6FEDAE}.Debug|Any CPU.Build.0 = Debug|Any CPU
		{48DF0C3C-A939-4162-97F3-31760D6FEDAE}.Release|Any CPU.ActiveCfg = Release|Any CPU
		{48DF0C3C-A939-4162-97F3-31760D6FEDAE}.Release|Any CPU.Build.0 = Release|Any CPU
		{8BA3F49A-E7C3-44C2-983E-BB58D7FA7D2F}.Debug|Any CPU.ActiveCfg = Debug|Any CPU
		{8BA3F49A-E7C3-44C2-983E-BB58D7FA7D2F}.Debug|Any CPU.Build.0 = Debug|Any CPU
		{8BA3F49A-E7C3-44C2-983E-BB58D7FA7D2F}.Release|Any CPU.ActiveCfg = Release|Any CPU
		{8BA3F49A-E7C3-44C2-983E-BB58D7FA7D2F}.Release|Any CPU.Build.0 = Release|Any CPU
		{481EEC1D-BC9A-49BD-805F-82E390CBEAC3}.Debug|Any CPU.ActiveCfg = Debug|Any CPU
		{481EEC1D-BC9A-49BD-805F-82E390CBEAC3}.Debug|Any CPU.Build.0 = Debug|Any CPU
		{481EEC1D-BC9A-49BD-805F-82E390CBEAC3}.Release|Any CPU.ActiveCfg = Release|Any CPU
		{481EEC1D-BC9A-49BD-805F-82E390CBEAC3}.Release|Any CPU.Build.0 = Release|Any CPU
		{EFD37849-6FEA-44FB-9229-12CCE90DFDE8}.Debug|Any CPU.ActiveCfg = Debug|Any CPU
		{EFD37849-6FEA-44FB-9229-12CCE90DFDE8}.Debug|Any CPU.Build.0 = Debug|Any CPU
		{EFD37849-6FEA-44FB-9229-12CCE90DFDE8}.Release|Any CPU.ActiveCfg = Release|Any CPU
		{EFD37849-6FEA-44FB-9229-12CCE90DFDE8}.Release|Any CPU.Build.0 = Release|Any CPU
	EndGlobalSection
	GlobalSection(SolutionProperties) = preSolution
		HideSolutionNode = FALSE
	EndGlobalSection
	GlobalSection(ExtensibilityGlobals) = postSolution
		SolutionGuid = {C01741D4-24C9-4F9D-B260-7627A8CF7879}
	EndGlobalSection
EndGlobal
