
Microsoft Visual Studio Solution File, Format Version 12.00
# Visual Studio Version 16
VisualStudioVersion = 16.0.29613.14
MinimumVisualStudioVersion = 10.0.40219.1
Project("{FAE04EC0-301F-11D3-BF4B-00C04F79EFBC}") = "_01", "_01\_01.csproj", "{C3D2EAEF-3D16-465C-B7EA-94DD5CC45D26}"
EndProject
Project("{FAE04EC0-301F-11D3-BF4B-00C04F79EFBC}") = "_02", "_02\_02.csproj", "{389B12FE-21C7-457D-A54B-8FDB6D1EF135}"
EndProject
Project("{FAE04EC0-301F-11D3-BF4B-00C04F79EFBC}") = "_03", "_03\_03.csproj", "{23720F0D-CCBA-4D33-9586-20417D300AF2}"
EndProject
Project("{FAE04EC0-301F-11D3-BF4B-00C04F79EFBC}") = "_04", "_04\_04.csproj", "{0BD316FD-87F8-49DB-B865-B1F2D3836F8A}"
EndProject
Project("{FAE04EC0-301F-11D3-BF4B-00C04F79EFBC}") = "_05", "_05\_05.csproj", "{B3CF57C9-5A76-483B-839D-4F8E5E3CFC05}"
EndProject
Project("{FAE04EC0-301F-11D3-BF4B-00C04F79EFBC}") = "_06", "_06\_06.csproj", "{875FF292-2F01-4137-8EA7-C8E7BF8938DC}"
EndProject
Project("{FAE04EC0-301F-11D3-BF4B-00C04F79EFBC}") = "_07", "_07\_07.csproj", "{F7CF824D-57CB-4621-9B01-ADD1C17920D8}"
EndProject
Project("{FAE04EC0-301F-11D3-BF4B-00C04F79EFBC}") = "_08", "_08\_08.csproj", "{0959E388-1B66-47A8-8E8D-ABD87A79F577}"
EndProject
Project("{FAE04EC0-301F-11D3-BF4B-00C04F79EFBC}") = "_09", "_09\_09.csproj", "{035646CD-0C81-4D6B-9DE5-64202CEE013F}"
EndProject
Project("{FAE04EC0-301F-11D3-BF4B-00C04F79EFBC}") = "_10", "_10\_10.csproj", "{85C8CABA-CE4F-40EA-8BFE-0ACCF1A0B5D0}"
EndProject
Project("{FAE04EC0-301F-11D3-BF4B-00C04F79EFBC}") = "_11", "_11\_11.csproj", "{F0DF5C2D-4D26-4E94-8B38-508FB38679B2}"
EndProject
Project("{FAE04EC0-301F-11D3-BF4B-00C04F79EFBC}") = "_12", "_12\_12.csproj", "{CD31A8E1-3414-4A7C-9005-D0CB1E4778CF}"
EndProject
Project("{FAE04EC0-301F-11D3-BF4B-00C04F79EFBC}") = "_13", "_13\_13.csproj", "{D5C85942-9402-4873-81F2-BC6B1367D6B8}"
EndProject
Project("{FAE04EC0-301F-11D3-BF4B-00C04F79EFBC}") = "_14", "_14\_14.csproj", "{056C6CB1-993E-4A9F-AF2A-FE36CABF0073}"
EndProject
Project("{FAE04EC0-301F-11D3-BF4B-00C04F79EFBC}") = "_15", "_15\_15.csproj", "{781B9FBF-C7ED-4C09-B562-C0438354D9A3}"
EndProject
Project("{FAE04EC0-301F-11D3-BF4B-00C04F79EFBC}") = "_16", "_16\_16.csproj", "{0D24EA2D-6FB2-4CDE-B6AA-9E6AB4E9D33A}"
EndProject
Project("{FAE04EC0-301F-11D3-BF4B-00C04F79EFBC}") = "_17", "_17\_17.csproj", "{778368E5-20F2-449D-9D59-83D06D902A99}"
EndProject
Project("{FAE04EC0-301F-11D3-BF4B-00C04F79EFBC}") = "_18", "_18\_18.csproj", "{DC1ECAB0-0496-4FE3-B527-94E044A1B138}"
EndProject
Project("{FAE04EC0-301F-11D3-BF4B-00C04F79EFBC}") = "_19", "_19\_19.csproj", "{C516B052-E461-4307-AEA9-1A496FAC1FA6}"
EndProject
Project("{FAE04EC0-301F-11D3-BF4B-00C04F79EFBC}") = "_20", "_20\_20.csproj", "{BAD0D4D2-0C2C-457C-8C2D-955813A9D339}"
EndProject
Project("{FAE04EC0-301F-11D3-BF4B-00C04F79EFBC}") = "_21", "_21\_21.csproj", "{1C61FF33-F5DC-48CA-889B-860CC052C561}"
EndProject
Project("{FAE04EC0-301F-11D3-BF4B-00C04F79EFBC}") = "_22", "_22\_22.csproj", "{C2143CF9-ADBF-4A38-9CE4-6E3B54439B20}"
EndProject
Project("{FAE04EC0-301F-11D3-BF4B-00C04F79EFBC}") = "_23", "_23\_23.csproj", "{DCC853EF-F511-4919-9DFA-AEA7F02ABA07}"
EndProject
Project("{FAE04EC0-301F-11D3-BF4B-00C04F79EFBC}") = "_24", "_24\_24.csproj", "{E6F155D4-EB76-4D04-A26E-C7A44E9016AE}"
EndProject
Project("{FAE04EC0-301F-11D3-BF4B-00C04F79EFBC}") = "_25", "_25\_25.csproj", "{75AF3731-2C11-43F7-A49C-6D0F1DC0562D}"
EndProject
Project("{FAE04EC0-301F-11D3-BF4B-00C04F79EFBC}") = "_26", "_26\_26.csproj", "{F48CD01F-24F9-4EDD-9B12-161EC6881DE9}"
EndProject
Project("{FAE04EC0-301F-11D3-BF4B-00C04F79EFBC}") = "_27", "_27\_27.csproj", "{35D400BF-DD36-4D1C-AC29-9F9053B1EEAA}"
EndProject
Project("{FAE04EC0-301F-11D3-BF4B-00C04F79EFBC}") = "_28", "_28\_28.csproj", "{F34507F8-8C2F-4131-AE5A-251D4FB5FDC9}"
EndProject
Project("{FAE04EC0-301F-11D3-BF4B-00C04F79EFBC}") = "_29", "_29\_29.csproj", "{86E5E4EC-51D6-4452-BF2D-36B7A2C27CC7}"
EndProject
Project("{FAE04EC0-301F-11D3-BF4B-00C04F79EFBC}") = "_30", "_30\_30.csproj", "{3320671F-4A84-4344-8943-F72F3BA87E39}"
EndProject
Project("{FAE04EC0-301F-11D3-BF4B-00C04F79EFBC}") = "_31", "_31\_31.csproj", "{AEB69B31-2AE1-4846-80AD-812C14355B69}"
EndProject
Project("{FAE04EC0-301F-11D3-BF4B-00C04F79EFBC}") = "_32", "_32\_32.csproj", "{244C95FC-D07A-4C60-8669-B49D4291B239}"
EndProject
Project("{FAE04EC0-301F-11D3-BF4B-00C04F79EFBC}") = "_33", "_33\_33.csproj", "{82448BA6-229D-43D3-84D4-DCE0428B20BE}"
EndProject
Project("{FAE04EC0-301F-11D3-BF4B-00C04F79EFBC}") = "_34", "_34\_34.csproj", "{DD3B1693-1540-4572-AF3C-17A2EC492E32}"
EndProject
Project("{FAE04EC0-301F-11D3-BF4B-00C04F79EFBC}") = "_35", "_35\_35.csproj", "{E92B3E94-C18B-4CA0-96CC-8FC70DA4CD4A}"
EndProject
Project("{FAE04EC0-301F-11D3-BF4B-00C04F79EFBC}") = "_36", "_36\_36.csproj", "{8676D31F-FFEE-44CB-90A3-663030097508}"
EndProject
Project("{FAE04EC0-301F-11D3-BF4B-00C04F79EFBC}") = "_37", "_37\_37.csproj", "{919ED6F2-EC30-44B3-BA52-A581294F2FF6}"
EndProject
Project("{FAE04EC0-301F-11D3-BF4B-00C04F79EFBC}") = "_38", "_38\_38.csproj", "{49530176-39CA-43AB-B625-C71A818A38C8}"
EndProject
Project("{FAE04EC0-301F-11D3-BF4B-00C04F79EFBC}") = "_39", "_39\_39.csproj", "{F3068CEA-442D-4B61-9DF2-9E5F66B87815}"
EndProject
Project("{FAE04EC0-301F-11D3-BF4B-00C04F79EFBC}") = "_40", "_40\_40.csproj", "{1BEA6DC5-9037-4E62-B2C7-6FDEC44D2017}"
EndProject
Global
	GlobalSection(SolutionConfigurationPlatforms) = preSolution
		Debug|Any CPU = Debug|Any CPU
		Release|Any CPU = Release|Any CPU
	EndGlobalSection
	GlobalSection(ProjectConfigurationPlatforms) = postSolution
		{C3D2EAEF-3D16-465C-B7EA-94DD5CC45D26}.Debug|Any CPU.ActiveCfg = Debug|Any CPU
		{C3D2EAEF-3D16-465C-B7EA-94DD5CC45D26}.Debug|Any CPU.Build.0 = Debug|Any CPU
		{C3D2EAEF-3D16-465C-B7EA-94DD5CC45D26}.Release|Any CPU.ActiveCfg = Release|Any CPU
		{C3D2EAEF-3D16-465C-B7EA-94DD5CC45D26}.Release|Any CPU.Build.0 = Release|Any CPU
		{389B12FE-21C7-457D-A54B-8FDB6D1EF135}.Debug|Any CPU.ActiveCfg = Debug|Any CPU
		{389B12FE-21C7-457D-A54B-8FDB6D1EF135}.Debug|Any CPU.Build.0 = Debug|Any CPU
		{389B12FE-21C7-457D-A54B-8FDB6D1EF135}.Release|Any CPU.ActiveCfg = Release|Any CPU
		{389B12FE-21C7-457D-A54B-8FDB6D1EF135}.Release|Any CPU.Build.0 = Release|Any CPU
		{23720F0D-CCBA-4D33-9586-20417D300AF2}.Debug|Any CPU.ActiveCfg = Debug|Any CPU
		{23720F0D-CCBA-4D33-9586-20417D300AF2}.Debug|Any CPU.Build.0 = Debug|Any CPU
		{23720F0D-CCBA-4D33-9586-20417D300AF2}.Release|Any CPU.ActiveCfg = Release|Any CPU
		{23720F0D-CCBA-4D33-9586-20417D300AF2}.Release|Any CPU.Build.0 = Release|Any CPU
		{0BD316FD-87F8-49DB-B865-B1F2D3836F8A}.Debug|Any CPU.ActiveCfg = Debug|Any CPU
		{0BD316FD-87F8-49DB-B865-B1F2D3836F8A}.Debug|Any CPU.Build.0 = Debug|Any CPU
		{0BD316FD-87F8-49DB-B865-B1F2D3836F8A}.Release|Any CPU.ActiveCfg = Release|Any CPU
		{0BD316FD-87F8-49DB-B865-B1F2D3836F8A}.Release|Any CPU.Build.0 = Release|Any CPU
		{B3CF57C9-5A76-483B-839D-4F8E5E3CFC05}.Debug|Any CPU.ActiveCfg = Debug|Any CPU
		{B3CF57C9-5A76-483B-839D-4F8E5E3CFC05}.Debug|Any CPU.Build.0 = Debug|Any CPU
		{B3CF57C9-5A76-483B-839D-4F8E5E3CFC05}.Release|Any CPU.ActiveCfg = Release|Any CPU
		{B3CF57C9-5A76-483B-839D-4F8E5E3CFC05}.Release|Any CPU.Build.0 = Release|Any CPU
		{875FF292-2F01-4137-8EA7-C8E7BF8938DC}.Debug|Any CPU.ActiveCfg = Debug|Any CPU
		{875FF292-2F01-4137-8EA7-C8E7BF8938DC}.Debug|Any CPU.Build.0 = Debug|Any CPU
		{875FF292-2F01-4137-8EA7-C8E7BF8938DC}.Release|Any CPU.ActiveCfg = Release|Any CPU
		{875FF292-2F01-4137-8EA7-C8E7BF8938DC}.Release|Any CPU.Build.0 = Release|Any CPU
		{F7CF824D-57CB-4621-9B01-ADD1C17920D8}.Debug|Any CPU.ActiveCfg = Debug|Any CPU
		{F7CF824D-57CB-4621-9B01-ADD1C17920D8}.Debug|Any CPU.Build.0 = Debug|Any CPU
		{F7CF824D-57CB-4621-9B01-ADD1C17920D8}.Release|Any CPU.ActiveCfg = Release|Any CPU
		{F7CF824D-57CB-4621-9B01-ADD1C17920D8}.Release|Any CPU.Build.0 = Release|Any CPU
		{0959E388-1B66-47A8-8E8D-ABD87A79F577}.Debug|Any CPU.ActiveCfg = Debug|Any CPU
		{0959E388-1B66-47A8-8E8D-ABD87A79F577}.Debug|Any CPU.Build.0 = Debug|Any CPU
		{0959E388-1B66-47A8-8E8D-ABD87A79F577}.Release|Any CPU.ActiveCfg = Release|Any CPU
		{0959E388-1B66-47A8-8E8D-ABD87A79F577}.Release|Any CPU.Build.0 = Release|Any CPU
		{035646CD-0C81-4D6B-9DE5-64202CEE013F}.Debug|Any CPU.ActiveCfg = Debug|Any CPU
		{035646CD-0C81-4D6B-9DE5-64202CEE013F}.Debug|Any CPU.Build.0 = Debug|Any CPU
		{035646CD-0C81-4D6B-9DE5-64202CEE013F}.Release|Any CPU.ActiveCfg = Release|Any CPU
		{035646CD-0C81-4D6B-9DE5-64202CEE013F}.Release|Any CPU.Build.0 = Release|Any CPU
		{85C8CABA-CE4F-40EA-8BFE-0ACCF1A0B5D0}.Debug|Any CPU.ActiveCfg = Debug|Any CPU
		{85C8CABA-CE4F-40EA-8BFE-0ACCF1A0B5D0}.Debug|Any CPU.Build.0 = Debug|Any CPU
		{85C8CABA-CE4F-40EA-8BFE-0ACCF1A0B5D0}.Release|Any CPU.ActiveCfg = Release|Any CPU
		{85C8CABA-CE4F-40EA-8BFE-0ACCF1A0B5D0}.Release|Any CPU.Build.0 = Release|Any CPU
		{F0DF5C2D-4D26-4E94-8B38-508FB38679B2}.Debug|Any CPU.ActiveCfg = Debug|Any CPU
		{F0DF5C2D-4D26-4E94-8B38-508FB38679B2}.Debug|Any CPU.Build.0 = Debug|Any CPU
		{F0DF5C2D-4D26-4E94-8B38-508FB38679B2}.Release|Any CPU.ActiveCfg = Release|Any CPU
		{F0DF5C2D-4D26-4E94-8B38-508FB38679B2}.Release|Any CPU.Build.0 = Release|Any CPU
		{CD31A8E1-3414-4A7C-9005-D0CB1E4778CF}.Debug|Any CPU.ActiveCfg = Debug|Any CPU
		{CD31A8E1-3414-4A7C-9005-D0CB1E4778CF}.Debug|Any CPU.Build.0 = Debug|Any CPU
		{CD31A8E1-3414-4A7C-9005-D0CB1E4778CF}.Release|Any CPU.ActiveCfg = Release|Any CPU
		{CD31A8E1-3414-4A7C-9005-D0CB1E4778CF}.Release|Any CPU.Build.0 = Release|Any CPU
		{D5C85942-9402-4873-81F2-BC6B1367D6B8}.Debug|Any CPU.ActiveCfg = Debug|Any CPU
		{D5C85942-9402-4873-81F2-BC6B1367D6B8}.Debug|Any CPU.Build.0 = Debug|Any CPU
		{D5C85942-9402-4873-81F2-BC6B1367D6B8}.Release|Any CPU.ActiveCfg = Release|Any CPU
		{D5C85942-9402-4873-81F2-BC6B1367D6B8}.Release|Any CPU.Build.0 = Release|Any CPU
		{056C6CB1-993E-4A9F-AF2A-FE36CABF0073}.Debug|Any CPU.ActiveCfg = Debug|Any CPU
		{056C6CB1-993E-4A9F-AF2A-FE36CABF0073}.Debug|Any CPU.Build.0 = Debug|Any CPU
		{056C6CB1-993E-4A9F-AF2A-FE36CABF0073}.Release|Any CPU.ActiveCfg = Release|Any CPU
		{056C6CB1-993E-4A9F-AF2A-FE36CABF0073}.Release|Any CPU.Build.0 = Release|Any CPU
		{781B9FBF-C7ED-4C09-B562-C0438354D9A3}.Debug|Any CPU.ActiveCfg = Debug|Any CPU
		{781B9FBF-C7ED-4C09-B562-C0438354D9A3}.Debug|Any CPU.Build.0 = Debug|Any CPU
		{781B9FBF-C7ED-4C09-B562-C0438354D9A3}.Release|Any CPU.ActiveCfg = Release|Any CPU
		{781B9FBF-C7ED-4C09-B562-C0438354D9A3}.Release|Any CPU.Build.0 = Release|Any CPU
		{0D24EA2D-6FB2-4CDE-B6AA-9E6AB4E9D33A}.Debug|Any CPU.ActiveCfg = Debug|Any CPU
		{0D24EA2D-6FB2-4CDE-B6AA-9E6AB4E9D33A}.Debug|Any CPU.Build.0 = Debug|Any CPU
		{0D24EA2D-6FB2-4CDE-B6AA-9E6AB4E9D33A}.Release|Any CPU.ActiveCfg = Release|Any CPU
		{0D24EA2D-6FB2-4CDE-B6AA-9E6AB4E9D33A}.Release|Any CPU.Build.0 = Release|Any CPU
		{778368E5-20F2-449D-9D59-83D06D902A99}.Debug|Any CPU.ActiveCfg = Debug|Any CPU
		{778368E5-20F2-449D-9D59-83D06D902A99}.Debug|Any CPU.Build.0 = Debug|Any CPU
		{778368E5-20F2-449D-9D59-83D06D902A99}.Release|Any CPU.ActiveCfg = Release|Any CPU
		{778368E5-20F2-449D-9D59-83D06D902A99}.Release|Any CPU.Build.0 = Release|Any CPU
		{DC1ECAB0-0496-4FE3-B527-94E044A1B138}.Debug|Any CPU.ActiveCfg = Debug|Any CPU
		{DC1ECAB0-0496-4FE3-B527-94E044A1B138}.Debug|Any CPU.Build.0 = Debug|Any CPU
		{DC1ECAB0-0496-4FE3-B527-94E044A1B138}.Release|Any CPU.ActiveCfg = Release|Any CPU
		{DC1ECAB0-0496-4FE3-B527-94E044A1B138}.Release|Any CPU.Build.0 = Release|Any CPU
		{C516B052-E461-4307-AEA9-1A496FAC1FA6}.Debug|Any CPU.ActiveCfg = Debug|Any CPU
		{C516B052-E461-4307-AEA9-1A496FAC1FA6}.Debug|Any CPU.Build.0 = Debug|Any CPU
		{C516B052-E461-4307-AEA9-1A496FAC1FA6}.Release|Any CPU.ActiveCfg = Release|Any CPU
		{C516B052-E461-4307-AEA9-1A496FAC1FA6}.Release|Any CPU.Build.0 = Release|Any CPU
		{BAD0D4D2-0C2C-457C-8C2D-955813A9D339}.Debug|Any CPU.ActiveCfg = Debug|Any CPU
		{BAD0D4D2-0C2C-457C-8C2D-955813A9D339}.Debug|Any CPU.Build.0 = Debug|Any CPU
		{BAD0D4D2-0C2C-457C-8C2D-955813A9D339}.Release|Any CPU.ActiveCfg = Release|Any CPU
		{BAD0D4D2-0C2C-457C-8C2D-955813A9D339}.Release|Any CPU.Build.0 = Release|Any CPU
		{1C61FF33-F5DC-48CA-889B-860CC052C561}.Debug|Any CPU.ActiveCfg = Debug|Any CPU
		{1C61FF33-F5DC-48CA-889B-860CC052C561}.Debug|Any CPU.Build.0 = Debug|Any CPU
		{1C61FF33-F5DC-48CA-889B-860CC052C561}.Release|Any CPU.ActiveCfg = Release|Any CPU
		{1C61FF33-F5DC-48CA-889B-860CC052C561}.Release|Any CPU.Build.0 = Release|Any CPU
		{C2143CF9-ADBF-4A38-9CE4-6E3B54439B20}.Debug|Any CPU.ActiveCfg = Debug|Any CPU
		{C2143CF9-ADBF-4A38-9CE4-6E3B54439B20}.Debug|Any CPU.Build.0 = Debug|Any CPU
		{C2143CF9-ADBF-4A38-9CE4-6E3B54439B20}.Release|Any CPU.ActiveCfg = Release|Any CPU
		{C2143CF9-ADBF-4A38-9CE4-6E3B54439B20}.Release|Any CPU.Build.0 = Release|Any CPU
		{DCC853EF-F511-4919-9DFA-AEA7F02ABA07}.Debug|Any CPU.ActiveCfg = Debug|Any CPU
		{DCC853EF-F511-4919-9DFA-AEA7F02ABA07}.Debug|Any CPU.Build.0 = Debug|Any CPU
		{DCC853EF-F511-4919-9DFA-AEA7F02ABA07}.Release|Any CPU.ActiveCfg = Release|Any CPU
		{DCC853EF-F511-4919-9DFA-AEA7F02ABA07}.Release|Any CPU.Build.0 = Release|Any CPU
		{E6F155D4-EB76-4D04-A26E-C7A44E9016AE}.Debug|Any CPU.ActiveCfg = Debug|Any CPU
		{E6F155D4-EB76-4D04-A26E-C7A44E9016AE}.Debug|Any CPU.Build.0 = Debug|Any CPU
		{E6F155D4-EB76-4D04-A26E-C7A44E9016AE}.Release|Any CPU.ActiveCfg = Release|Any CPU
		{E6F155D4-EB76-4D04-A26E-C7A44E9016AE}.Release|Any CPU.Build.0 = Release|Any CPU
		{75AF3731-2C11-43F7-A49C-6D0F1DC0562D}.Debug|Any CPU.ActiveCfg = Debug|Any CPU
		{75AF3731-2C11-43F7-A49C-6D0F1DC0562D}.Debug|Any CPU.Build.0 = Debug|Any CPU
		{75AF3731-2C11-43F7-A49C-6D0F1DC0562D}.Release|Any CPU.ActiveCfg = Release|Any CPU
		{75AF3731-2C11-43F7-A49C-6D0F1DC0562D}.Release|Any CPU.Build.0 = Release|Any CPU
		{F48CD01F-24F9-4EDD-9B12-161EC6881DE9}.Debug|Any CPU.ActiveCfg = Debug|Any CPU
		{F48CD01F-24F9-4EDD-9B12-161EC6881DE9}.Debug|Any CPU.Build.0 = Debug|Any CPU
		{F48CD01F-24F9-4EDD-9B12-161EC6881DE9}.Release|Any CPU.ActiveCfg = Release|Any CPU
		{F48CD01F-24F9-4EDD-9B12-161EC6881DE9}.Release|Any CPU.Build.0 = Release|Any CPU
		{35D400BF-DD36-4D1C-AC29-9F9053B1EEAA}.Debug|Any CPU.ActiveCfg = Debug|Any CPU
		{35D400BF-DD36-4D1C-AC29-9F9053B1EEAA}.Debug|Any CPU.Build.0 = Debug|Any CPU
		{35D400BF-DD36-4D1C-AC29-9F9053B1EEAA}.Release|Any CPU.ActiveCfg = Release|Any CPU
		{35D400BF-DD36-4D1C-AC29-9F9053B1EEAA}.Release|Any CPU.Build.0 = Release|Any CPU
		{F34507F8-8C2F-4131-AE5A-251D4FB5FDC9}.Debug|Any CPU.ActiveCfg = Debug|Any CPU
		{F34507F8-8C2F-4131-AE5A-251D4FB5FDC9}.Debug|Any CPU.Build.0 = Debug|Any CPU
		{F34507F8-8C2F-4131-AE5A-251D4FB5FDC9}.Release|Any CPU.ActiveCfg = Release|Any CPU
		{F34507F8-8C2F-4131-AE5A-251D4FB5FDC9}.Release|Any CPU.Build.0 = Release|Any CPU
		{86E5E4EC-51D6-4452-BF2D-36B7A2C27CC7}.Debug|Any CPU.ActiveCfg = Debug|Any CPU
		{86E5E4EC-51D6-4452-BF2D-36B7A2C27CC7}.Debug|Any CPU.Build.0 = Debug|Any CPU
		{86E5E4EC-51D6-4452-BF2D-36B7A2C27CC7}.Release|Any CPU.ActiveCfg = Release|Any CPU
		{86E5E4EC-51D6-4452-BF2D-36B7A2C27CC7}.Release|Any CPU.Build.0 = Release|Any CPU
		{3320671F-4A84-4344-8943-F72F3BA87E39}.Debug|Any CPU.ActiveCfg = Debug|Any CPU
		{3320671F-4A84-4344-8943-F72F3BA87E39}.Debug|Any CPU.Build.0 = Debug|Any CPU
		{3320671F-4A84-4344-8943-F72F3BA87E39}.Release|Any CPU.ActiveCfg = Release|Any CPU
		{3320671F-4A84-4344-8943-F72F3BA87E39}.Release|Any CPU.Build.0 = Release|Any CPU
		{AEB69B31-2AE1-4846-80AD-812C14355B69}.Debug|Any CPU.ActiveCfg = Debug|Any CPU
		{AEB69B31-2AE1-4846-80AD-812C14355B69}.Debug|Any CPU.Build.0 = Debug|Any CPU
		{AEB69B31-2AE1-4846-80AD-812C14355B69}.Release|Any CPU.ActiveCfg = Release|Any CPU
		{AEB69B31-2AE1-4846-80AD-812C14355B69}.Release|Any CPU.Build.0 = Release|Any CPU
		{244C95FC-D07A-4C60-8669-B49D4291B239}.Debug|Any CPU.ActiveCfg = Debug|Any CPU
		{244C95FC-D07A-4C60-8669-B49D4291B239}.Debug|Any CPU.Build.0 = Debug|Any CPU
		{244C95FC-D07A-4C60-8669-B49D4291B239}.Release|Any CPU.ActiveCfg = Release|Any CPU
		{244C95FC-D07A-4C60-8669-B49D4291B239}.Release|Any CPU.Build.0 = Release|Any CPU
		{82448BA6-229D-43D3-84D4-DCE0428B20BE}.Debug|Any CPU.ActiveCfg = Debug|Any CPU
		{82448BA6-229D-43D3-84D4-DCE0428B20BE}.Debug|Any CPU.Build.0 = Debug|Any CPU
		{82448BA6-229D-43D3-84D4-DCE0428B20BE}.Release|Any CPU.ActiveCfg = Release|Any CPU
		{82448BA6-229D-43D3-84D4-DCE0428B20BE}.Release|Any CPU.Build.0 = Release|Any CPU
		{DD3B1693-1540-4572-AF3C-17A2EC492E32}.Debug|Any CPU.ActiveCfg = Debug|Any CPU
		{DD3B1693-1540-4572-AF3C-17A2EC492E32}.Debug|Any CPU.Build.0 = Debug|Any CPU
		{DD3B1693-1540-4572-AF3C-17A2EC492E32}.Release|Any CPU.ActiveCfg = Release|Any CPU
		{DD3B1693-1540-4572-AF3C-17A2EC492E32}.Release|Any CPU.Build.0 = Release|Any CPU
		{E92B3E94-C18B-4CA0-96CC-8FC70DA4CD4A}.Debug|Any CPU.ActiveCfg = Debug|Any CPU
		{E92B3E94-C18B-4CA0-96CC-8FC70DA4CD4A}.Debug|Any CPU.Build.0 = Debug|Any CPU
		{E92B3E94-C18B-4CA0-96CC-8FC70DA4CD4A}.Release|Any CPU.ActiveCfg = Release|Any CPU
		{E92B3E94-C18B-4CA0-96CC-8FC70DA4CD4A}.Release|Any CPU.Build.0 = Release|Any CPU
		{8676D31F-FFEE-44CB-90A3-663030097508}.Debug|Any CPU.ActiveCfg = Debug|Any CPU
		{8676D31F-FFEE-44CB-90A3-663030097508}.Debug|Any CPU.Build.0 = Debug|Any CPU
		{8676D31F-FFEE-44CB-90A3-663030097508}.Release|Any CPU.ActiveCfg = Release|Any CPU
		{8676D31F-FFEE-44CB-90A3-663030097508}.Release|Any CPU.Build.0 = Release|Any CPU
		{919ED6F2-EC30-44B3-BA52-A581294F2FF6}.Debug|Any CPU.ActiveCfg = Debug|Any CPU
		{919ED6F2-EC30-44B3-BA52-A581294F2FF6}.Debug|Any CPU.Build.0 = Debug|Any CPU
		{919ED6F2-EC30-44B3-BA52-A581294F2FF6}.Release|Any CPU.ActiveCfg = Release|Any CPU
		{919ED6F2-EC30-44B3-BA52-A581294F2FF6}.Release|Any CPU.Build.0 = Release|Any CPU
		{49530176-39CA-43AB-B625-C71A818A38C8}.Debug|Any CPU.ActiveCfg = Debug|Any CPU
		{49530176-39CA-43AB-B625-C71A818A38C8}.Debug|Any CPU.Build.0 = Debug|Any CPU
		{49530176-39CA-43AB-B625-C71A818A38C8}.Release|Any CPU.ActiveCfg = Release|Any CPU
		{49530176-39CA-43AB-B625-C71A818A38C8}.Release|Any CPU.Build.0 = Release|Any CPU
		{F3068CEA-442D-4B61-9DF2-9E5F66B87815}.Debug|Any CPU.ActiveCfg = Debug|Any CPU
		{F3068CEA-442D-4B61-9DF2-9E5F66B87815}.Debug|Any CPU.Build.0 = Debug|Any CPU
		{F3068CEA-442D-4B61-9DF2-9E5F66B87815}.Release|Any CPU.ActiveCfg = Release|Any CPU
		{F3068CEA-442D-4B61-9DF2-9E5F66B87815}.Release|Any CPU.Build.0 = Release|Any CPU
		{1BEA6DC5-9037-4E62-B2C7-6FDEC44D2017}.Debug|Any CPU.ActiveCfg = Debug|Any CPU
		{1BEA6DC5-9037-4E62-B2C7-6FDEC44D2017}.Debug|Any CPU.Build.0 = Debug|Any CPU
		{1BEA6DC5-9037-4E62-B2C7-6FDEC44D2017}.Release|Any CPU.ActiveCfg = Release|Any CPU
		{1BEA6DC5-9037-4E62-B2C7-6FDEC44D2017}.Release|Any CPU.Build.0 = Release|Any CPU
	EndGlobalSection
	GlobalSection(SolutionProperties) = preSolution
		HideSolutionNode = FALSE
	EndGlobalSection
	GlobalSection(ExtensibilityGlobals) = postSolution
		SolutionGuid = {4ED1A1E1-F028-427A-B654-BA4416405C6C}
	EndGlobalSection
EndGlobal
