
Microsoft Visual Studio Solution File, Format Version 12.00
# Visual Studio Version 16
VisualStudioVersion = 16.0.29613.14
MinimumVisualStudioVersion = 10.0.40219.1
Project("{9A19103F-16F7-4668-BE54-9A1E7A4F7556}") = "_01", "_01\_01.csproj", "{3BB941C1-E159-4D53-B5E9-347ED8661C4F}"
EndProject
Project("{9A19103F-16F7-4668-BE54-9A1E7A4F7556}") = "_02", "_02\_02.csproj", "{5C496BE7-9141-47A2-9A96-3667A6FEE850}"
EndProject
Project("{9A19103F-16F7-4668-BE54-9A1E7A4F7556}") = "_03", "_03\_03.csproj", "{DF785410-BAD1-4966-9D2B-74FDF437AE6C}"
EndProject
Project("{9A19103F-16F7-4668-BE54-9A1E7A4F7556}") = "_04", "_04\_04.csproj", "{22A85DF7-8ED7-4BB0-A52A-4B8EA02CA0A8}"
EndProject
Project("{9A19103F-16F7-4668-BE54-9A1E7A4F7556}") = "_05", "_05\_05.csproj", "{D9D02E63-814F-45F8-8A4C-9E00FF1BCD52}"
EndProject
Project("{9A19103F-16F7-4668-BE54-9A1E7A4F7556}") = "_06", "_06\_06.csproj", "{AE47325A-0A9B-431E-A929-DDCCB530555E}"
EndProject
Project("{9A19103F-16F7-4668-BE54-9A1E7A4F7556}") = "_07", "_07\_07.csproj", "{C172D223-CC43-4C35-A30D-3917A151402D}"
EndProject
Project("{9A19103F-16F7-4668-BE54-9A1E7A4F7556}") = "_08", "_08\_08.csproj", "{88BBC53D-6CC2-446D-A284-30E2423486A5}"
EndProject
Project("{9A19103F-16F7-4668-BE54-9A1E7A4F7556}") = "_09", "_09\_09.csproj", "{43F96B9C-B08B-4A83-B46A-52838F61C4C8}"
EndProject
Project("{FAE04EC0-301F-11D3-BF4B-00C04F79EFBC}") = "_10", "_10\_10.csproj", "{4DA42645-D480-4206-96B7-0CFC9CBF43C3}"
EndProject
Project("{FAE04EC0-301F-11D3-BF4B-00C04F79EFBC}") = "_11", "_11\_11.csproj", "{0FFFFF5D-C916-41E1-ADE7-996D444DF22C}"
EndProject
Project("{FAE04EC0-301F-11D3-BF4B-00C04F79EFBC}") = "_12", "_12\_12.csproj", "{36402C22-FC57-49C3-88ED-D6460B549801}"
EndProject
Project("{FAE04EC0-301F-11D3-BF4B-00C04F79EFBC}") = "_13", "_13\_13.csproj", "{D9E2978D-777D-4C71-A535-D17F84F430C0}"
EndProject
Project("{FAE04EC0-301F-11D3-BF4B-00C04F79EFBC}") = "_14", "_14\_14.csproj", "{6A1680E2-25B6-47A5-9EB7-153CCFB7EE1D}"
EndProject
Project("{FAE04EC0-301F-11D3-BF4B-00C04F79EFBC}") = "_15", "_15\_15.csproj", "{980A60CB-6697-42AB-A429-65FA7EFA13C3}"
EndProject
Project("{FAE04EC0-301F-11D3-BF4B-00C04F79EFBC}") = "_16", "_16\_16.csproj", "{8C4FDA2A-EDD0-42B0-BD4C-283ECC9CE313}"
EndProject
Project("{FAE04EC0-301F-11D3-BF4B-00C04F79EFBC}") = "_17", "_17\_17.csproj", "{9512A97F-6993-426F-8E0E-FF8926A59D62}"
EndProject
Global
	GlobalSection(SolutionConfigurationPlatforms) = preSolution
		Debug|Any CPU = Debug|Any CPU
		Release|Any CPU = Release|Any CPU
	EndGlobalSection
	GlobalSection(ProjectConfigurationPlatforms) = postSolution
		{3BB941C1-E159-4D53-B5E9-347ED8661C4F}.Debug|Any CPU.ActiveCfg = Debug|Any CPU
		{3BB941C1-E159-4D53-B5E9-347ED8661C4F}.Debug|Any CPU.Build.0 = Debug|Any CPU
		{3BB941C1-E159-4D53-B5E9-347ED8661C4F}.Release|Any CPU.ActiveCfg = Release|Any CPU
		{3BB941C1-E159-4D53-B5E9-347ED8661C4F}.Release|Any CPU.Build.0 = Release|Any CPU
		{5C496BE7-9141-47A2-9A96-3667A6FEE850}.Debug|Any CPU.ActiveCfg = Debug|Any CPU
		{5C496BE7-9141-47A2-9A96-3667A6FEE850}.Debug|Any CPU.Build.0 = Debug|Any CPU
		{5C496BE7-9141-47A2-9A96-3667A6FEE850}.Release|Any CPU.ActiveCfg = Release|Any CPU
		{5C496BE7-9141-47A2-9A96-3667A6FEE850}.Release|Any CPU.Build.0 = Release|Any CPU
		{DF785410-BAD1-4966-9D2B-74FDF437AE6C}.Debug|Any CPU.ActiveCfg = Debug|Any CPU
		{DF785410-BAD1-4966-9D2B-74FDF437AE6C}.Debug|Any CPU.Build.0 = Debug|Any CPU
		{DF785410-BAD1-4966-9D2B-74FDF437AE6C}.Release|Any CPU.ActiveCfg = Release|Any CPU
		{DF785410-BAD1-4966-9D2B-74FDF437AE6C}.Release|Any CPU.Build.0 = Release|Any CPU
		{22A85DF7-8ED7-4BB0-A52A-4B8EA02CA0A8}.Debug|Any CPU.ActiveCfg = Debug|Any CPU
		{22A85DF7-8ED7-4BB0-A52A-4B8EA02CA0A8}.Debug|Any CPU.Build.0 = Debug|Any CPU
		{22A85DF7-8ED7-4BB0-A52A-4B8EA02CA0A8}.Release|Any CPU.ActiveCfg = Release|Any CPU
		{22A85DF7-8ED7-4BB0-A52A-4B8EA02CA0A8}.Release|Any CPU.Build.0 = Release|Any CPU
		{D9D02E63-814F-45F8-8A4C-9E00FF1BCD52}.Debug|Any CPU.ActiveCfg = Debug|Any CPU
		{D9D02E63-814F-45F8-8A4C-9E00FF1BCD52}.Debug|Any CPU.Build.0 = Debug|Any CPU
		{D9D02E63-814F-45F8-8A4C-9E00FF1BCD52}.Release|Any CPU.ActiveCfg = Release|Any CPU
		{D9D02E63-814F-45F8-8A4C-9E00FF1BCD52}.Release|Any CPU.Build.0 = Release|Any CPU
		{AE47325A-0A9B-431E-A929-DDCCB530555E}.Debug|Any CPU.ActiveCfg = Debug|Any CPU
		{AE47325A-0A9B-431E-A929-DDCCB530555E}.Debug|Any CPU.Build.0 = Debug|Any CPU
		{AE47325A-0A9B-431E-A929-DDCCB530555E}.Release|Any CPU.ActiveCfg = Release|Any CPU
		{AE47325A-0A9B-431E-A929-DDCCB530555E}.Release|Any CPU.Build.0 = Release|Any CPU
		{C172D223-CC43-4C35-A30D-3917A151402D}.Debug|Any CPU.ActiveCfg = Debug|Any CPU
		{C172D223-CC43-4C35-A30D-3917A151402D}.Debug|Any CPU.Build.0 = Debug|Any CPU
		{C172D223-CC43-4C35-A30D-3917A151402D}.Release|Any CPU.ActiveCfg = Release|Any CPU
		{C172D223-CC43-4C35-A30D-3917A151402D}.Release|Any CPU.Build.0 = Release|Any CPU
		{88BBC53D-6CC2-446D-A284-30E2423486A5}.Debug|Any CPU.ActiveCfg = Debug|Any CPU
		{88BBC53D-6CC2-446D-A284-30E2423486A5}.Debug|Any CPU.Build.0 = Debug|Any CPU
		{88BBC53D-6CC2-446D-A284-30E2423486A5}.Release|Any CPU.ActiveCfg = Release|Any CPU
		{88BBC53D-6CC2-446D-A284-30E2423486A5}.Release|Any CPU.Build.0 = Release|Any CPU
		{43F96B9C-B08B-4A83-B46A-52838F61C4C8}.Debug|Any CPU.ActiveCfg = Debug|Any CPU
		{43F96B9C-B08B-4A83-B46A-52838F61C4C8}.Debug|Any CPU.Build.0 = Debug|Any CPU
		{43F96B9C-B08B-4A83-B46A-52838F61C4C8}.Release|Any CPU.ActiveCfg = Release|Any CPU
		{43F96B9C-B08B-4A83-B46A-52838F61C4C8}.Release|Any CPU.Build.0 = Release|Any CPU
		{4DA42645-D480-4206-96B7-0CFC9CBF43C3}.Debug|Any CPU.ActiveCfg = Debug|Any CPU
		{4DA42645-D480-4206-96B7-0CFC9CBF43C3}.Debug|Any CPU.Build.0 = Debug|Any CPU
		{4DA42645-D480-4206-96B7-0CFC9CBF43C3}.Release|Any CPU.ActiveCfg = Release|Any CPU
		{4DA42645-D480-4206-96B7-0CFC9CBF43C3}.Release|Any CPU.Build.0 = Release|Any CPU
		{0FFFFF5D-C916-41E1-ADE7-996D444DF22C}.Debug|Any CPU.ActiveCfg = Debug|Any CPU
		{0FFFFF5D-C916-41E1-ADE7-996D444DF22C}.Debug|Any CPU.Build.0 = Debug|Any CPU
		{0FFFFF5D-C916-41E1-ADE7-996D444DF22C}.Release|Any CPU.ActiveCfg = Release|Any CPU
		{0FFFFF5D-C916-41E1-ADE7-996D444DF22C}.Release|Any CPU.Build.0 = Release|Any CPU
		{36402C22-FC57-49C3-88ED-D6460B549801}.Debug|Any CPU.ActiveCfg = Debug|Any CPU
		{36402C22-FC57-49C3-88ED-D6460B549801}.Debug|Any CPU.Build.0 = Debug|Any CPU
		{36402C22-FC57-49C3-88ED-D6460B549801}.Release|Any CPU.ActiveCfg = Release|Any CPU
		{36402C22-FC57-49C3-88ED-D6460B549801}.Release|Any CPU.Build.0 = Release|Any CPU
		{D9E2978D-777D-4C71-A535-D17F84F430C0}.Debug|Any CPU.ActiveCfg = Debug|Any CPU
		{D9E2978D-777D-4C71-A535-D17F84F430C0}.Debug|Any CPU.Build.0 = Debug|Any CPU
		{D9E2978D-777D-4C71-A535-D17F84F430C0}.Release|Any CPU.ActiveCfg = Release|Any CPU
		{D9E2978D-777D-4C71-A535-D17F84F430C0}.Release|Any CPU.Build.0 = Release|Any CPU
		{6A1680E2-25B6-47A5-9EB7-153CCFB7EE1D}.Debug|Any CPU.ActiveCfg = Debug|Any CPU
		{6A1680E2-25B6-47A5-9EB7-153CCFB7EE1D}.Debug|Any CPU.Build.0 = Debug|Any CPU
		{6A1680E2-25B6-47A5-9EB7-153CCFB7EE1D}.Release|Any CPU.ActiveCfg = Release|Any CPU
		{6A1680E2-25B6-47A5-9EB7-153CCFB7EE1D}.Release|Any CPU.Build.0 = Release|Any CPU
		{980A60CB-6697-42AB-A429-65FA7EFA13C3}.Debug|Any CPU.ActiveCfg = Debug|Any CPU
		{980A60CB-6697-42AB-A429-65FA7EFA13C3}.Debug|Any CPU.Build.0 = Debug|Any CPU
		{980A60CB-6697-42AB-A429-65FA7EFA13C3}.Release|Any CPU.ActiveCfg = Release|Any CPU
		{980A60CB-6697-42AB-A429-65FA7EFA13C3}.Release|Any CPU.Build.0 = Release|Any CPU
		{8C4FDA2A-EDD0-42B0-BD4C-283ECC9CE313}.Debug|Any CPU.ActiveCfg = Debug|Any CPU
		{8C4FDA2A-EDD0-42B0-BD4C-283ECC9CE313}.Debug|Any CPU.Build.0 = Debug|Any CPU
		{8C4FDA2A-EDD0-42B0-BD4C-283ECC9CE313}.Release|Any CPU.ActiveCfg = Release|Any CPU
		{8C4FDA2A-EDD0-42B0-BD4C-283ECC9CE313}.Release|Any CPU.Build.0 = Release|Any CPU
		{9512A97F-6993-426F-8E0E-FF8926A59D62}.Debug|Any CPU.ActiveCfg = Debug|Any CPU
		{9512A97F-6993-426F-8E0E-FF8926A59D62}.Debug|Any CPU.Build.0 = Debug|Any CPU
		{9512A97F-6993-426F-8E0E-FF8926A59D62}.Release|Any CPU.ActiveCfg = Release|Any CPU
		{9512A97F-6993-426F-8E0E-FF8926A59D62}.Release|Any CPU.Build.0 = Release|Any CPU
	EndGlobalSection
	GlobalSection(SolutionProperties) = preSolution
		HideSolutionNode = FALSE
	EndGlobalSection
	GlobalSection(ExtensibilityGlobals) = postSolution
		SolutionGuid = {54861A00-374B-4036-BC79-4D2F3E9CA50D}
	EndGlobalSection
EndGlobal
