
Microsoft Visual Studio Solution File, Format Version 12.00
# Visual Studio Version 16
VisualStudioVersion = 16.0.29613.14
MinimumVisualStudioVersion = 10.0.40219.1
Project("{FAE04EC0-301F-11D3-BF4B-00C04F79EFBC}") = "_01", "_01\_01.csproj", "{C89DA74E-ECDD-4234-8AFE-6685DC23EF4D}"
EndProject
Project("{FAE04EC0-301F-11D3-BF4B-00C04F79EFBC}") = "_02", "_02\_02.csproj", "{FCDA4236-3B65-4DF7-98AC-3306C3867B9E}"
EndProject
Project("{FAE04EC0-301F-11D3-BF4B-00C04F79EFBC}") = "_03", "_03\_03.csproj", "{30840B02-4D29-4919-9900-BE80AAF02A22}"
EndProject
Project("{FAE04EC0-301F-11D3-BF4B-00C04F79EFBC}") = "_04", "_04\_04.csproj", "{8CFE9DB6-5871-4D0F-8F06-43091733BD80}"
EndProject
Project("{FAE04EC0-301F-11D3-BF4B-00C04F79EFBC}") = "_05", "_05\_05.csproj", "{CF801DB4-80EA-4F8E-AAFC-66D05B9C0C6A}"
EndProject
Project("{FAE04EC0-301F-11D3-BF4B-00C04F79EFBC}") = "_06", "_06\_06.csproj", "{F825C450-D762-4468-BF21-65D493E05FEC}"
EndProject
Project("{FAE04EC0-301F-11D3-BF4B-00C04F79EFBC}") = "_07", "_07\_07.csproj", "{06D8852D-AFAF-4A1E-BAAC-6846DF9EFCCE}"
EndProject
Project("{FAE04EC0-301F-11D3-BF4B-00C04F79EFBC}") = "_09", "_09\_09.csproj", "{315EDBE8-5851-4E48-B856-64839CF584EB}"
EndProject
Project("{FAE04EC0-301F-11D3-BF4B-00C04F79EFBC}") = "_10", "_10\_10.csproj", "{52AB20CC-AA26-416B-902F-CE2184A1900A}"
EndProject
Project("{FAE04EC0-301F-11D3-BF4B-00C04F79EFBC}") = "_11", "_11\_11.csproj", "{5F1C7740-34E7-4D59-8F53-4B340C750E3F}"
EndProject
Project("{FAE04EC0-301F-11D3-BF4B-00C04F79EFBC}") = "_12", "_12\_12.csproj", "{69C26911-2AAE-4B76-A86A-2B9BB60847BD}"
EndProject
Project("{FAE04EC0-301F-11D3-BF4B-00C04F79EFBC}") = "_13", "_13\_13.csproj", "{900C7522-1D33-4D0E-B3B9-44CBC048D877}"
EndProject
Project("{FAE04EC0-301F-11D3-BF4B-00C04F79EFBC}") = "_14", "_14\_14.csproj", "{E7A9AA90-7041-4FC3-9BC8-39888A481F6D}"
EndProject
Project("{FAE04EC0-301F-11D3-BF4B-00C04F79EFBC}") = "_15", "_15\_15.csproj", "{8EFB0A3C-2C7A-459E-A014-B794C3DEF207}"
EndProject
Project("{FAE04EC0-301F-11D3-BF4B-00C04F79EFBC}") = "_16", "_16\_16.csproj", "{9FFE1F69-1AC3-4E43-B270-1BA359B66CC6}"
EndProject
Project("{FAE04EC0-301F-11D3-BF4B-00C04F79EFBC}") = "_17", "_17\_17.csproj", "{85A4ED8B-5B3E-44BB-8530-C61339BF3995}"
EndProject
Global
	GlobalSection(SolutionConfigurationPlatforms) = preSolution
		Debug|Any CPU = Debug|Any CPU
		Release|Any CPU = Release|Any CPU
	EndGlobalSection
	GlobalSection(ProjectConfigurationPlatforms) = postSolution
		{C89DA74E-ECDD-4234-8AFE-6685DC23EF4D}.Debug|Any CPU.ActiveCfg = Debug|Any CPU
		{C89DA74E-ECDD-4234-8AFE-6685DC23EF4D}.Debug|Any CPU.Build.0 = Debug|Any CPU
		{C89DA74E-ECDD-4234-8AFE-6685DC23EF4D}.Release|Any CPU.ActiveCfg = Release|Any CPU
		{C89DA74E-ECDD-4234-8AFE-6685DC23EF4D}.Release|Any CPU.Build.0 = Release|Any CPU
		{FCDA4236-3B65-4DF7-98AC-3306C3867B9E}.Debug|Any CPU.ActiveCfg = Debug|Any CPU
		{FCDA4236-3B65-4DF7-98AC-3306C3867B9E}.Debug|Any CPU.Build.0 = Debug|Any CPU
		{FCDA4236-3B65-4DF7-98AC-3306C3867B9E}.Release|Any CPU.ActiveCfg = Release|Any CPU
		{FCDA4236-3B65-4DF7-98AC-3306C3867B9E}.Release|Any CPU.Build.0 = Release|Any CPU
		{30840B02-4D29-4919-9900-BE80AAF02A22}.Debug|Any CPU.ActiveCfg = Debug|Any CPU
		{30840B02-4D29-4919-9900-BE80AAF02A22}.Debug|Any CPU.Build.0 = Debug|Any CPU
		{30840B02-4D29-4919-9900-BE80AAF02A22}.Release|Any CPU.ActiveCfg = Release|Any CPU
		{30840B02-4D29-4919-9900-BE80AAF02A22}.Release|Any CPU.Build.0 = Release|Any CPU
		{8CFE9DB6-5871-4D0F-8F06-43091733BD80}.Debug|Any CPU.ActiveCfg = Debug|Any CPU
		{8CFE9DB6-5871-4D0F-8F06-43091733BD80}.Debug|Any CPU.Build.0 = Debug|Any CPU
		{8CFE9DB6-5871-4D0F-8F06-43091733BD80}.Release|Any CPU.ActiveCfg = Release|Any CPU
		{8CFE9DB6-5871-4D0F-8F06-43091733BD80}.Release|Any CPU.Build.0 = Release|Any CPU
		{CF801DB4-80EA-4F8E-AAFC-66D05B9C0C6A}.Debug|Any CPU.ActiveCfg = Debug|Any CPU
		{CF801DB4-80EA-4F8E-AAFC-66D05B9C0C6A}.Debug|Any CPU.Build.0 = Debug|Any CPU
		{CF801DB4-80EA-4F8E-AAFC-66D05B9C0C6A}.Release|Any CPU.ActiveCfg = Release|Any CPU
		{CF801DB4-80EA-4F8E-AAFC-66D05B9C0C6A}.Release|Any CPU.Build.0 = Release|Any CPU
		{F825C450-D762-4468-BF21-65D493E05FEC}.Debug|Any CPU.ActiveCfg = Debug|Any CPU
		{F825C450-D762-4468-BF21-65D493E05FEC}.Debug|Any CPU.Build.0 = Debug|Any CPU
		{F825C450-D762-4468-BF21-65D493E05FEC}.Release|Any CPU.ActiveCfg = Release|Any CPU
		{F825C450-D762-4468-BF21-65D493E05FEC}.Release|Any CPU.Build.0 = Release|Any CPU
		{06D8852D-AFAF-4A1E-BAAC-6846DF9EFCCE}.Debug|Any CPU.ActiveCfg = Debug|Any CPU
		{06D8852D-AFAF-4A1E-BAAC-6846DF9EFCCE}.Debug|Any CPU.Build.0 = Debug|Any CPU
		{06D8852D-AFAF-4A1E-BAAC-6846DF9EFCCE}.Release|Any CPU.ActiveCfg = Release|Any CPU
		{06D8852D-AFAF-4A1E-BAAC-6846DF9EFCCE}.Release|Any CPU.Build.0 = Release|Any CPU
		{315EDBE8-5851-4E48-B856-64839CF584EB}.Debug|Any CPU.ActiveCfg = Debug|Any CPU
		{315EDBE8-5851-4E48-B856-64839CF584EB}.Debug|Any CPU.Build.0 = Debug|Any CPU
		{315EDBE8-5851-4E48-B856-64839CF584EB}.Release|Any CPU.ActiveCfg = Release|Any CPU
		{315EDBE8-5851-4E48-B856-64839CF584EB}.Release|Any CPU.Build.0 = Release|Any CPU
		{52AB20CC-AA26-416B-902F-CE2184A1900A}.Debug|Any CPU.ActiveCfg = Debug|Any CPU
		{52AB20CC-AA26-416B-902F-CE2184A1900A}.Debug|Any CPU.Build.0 = Debug|Any CPU
		{52AB20CC-AA26-416B-902F-CE2184A1900A}.Release|Any CPU.ActiveCfg = Release|Any CPU
		{52AB20CC-AA26-416B-902F-CE2184A1900A}.Release|Any CPU.Build.0 = Release|Any CPU
		{5F1C7740-34E7-4D59-8F53-4B340C750E3F}.Debug|Any CPU.ActiveCfg = Debug|Any CPU
		{5F1C7740-34E7-4D59-8F53-4B340C750E3F}.Debug|Any CPU.Build.0 = Debug|Any CPU
		{5F1C7740-34E7-4D59-8F53-4B340C750E3F}.Release|Any CPU.ActiveCfg = Release|Any CPU
		{5F1C7740-34E7-4D59-8F53-4B340C750E3F}.Release|Any CPU.Build.0 = Release|Any CPU
		{69C26911-2AAE-4B76-A86A-2B9BB60847BD}.Debug|Any CPU.ActiveCfg = Debug|Any CPU
		{69C26911-2AAE-4B76-A86A-2B9BB60847BD}.Debug|Any CPU.Build.0 = Debug|Any CPU
		{69C26911-2AAE-4B76-A86A-2B9BB60847BD}.Release|Any CPU.ActiveCfg = Release|Any CPU
		{69C26911-2AAE-4B76-A86A-2B9BB60847BD}.Release|Any CPU.Build.0 = Release|Any CPU
		{900C7522-1D33-4D0E-B3B9-44CBC048D877}.Debug|Any CPU.ActiveCfg = Debug|Any CPU
		{900C7522-1D33-4D0E-B3B9-44CBC048D877}.Debug|Any CPU.Build.0 = Debug|Any CPU
		{900C7522-1D33-4D0E-B3B9-44CBC048D877}.Release|Any CPU.ActiveCfg = Release|Any CPU
		{900C7522-1D33-4D0E-B3B9-44CBC048D877}.Release|Any CPU.Build.0 = Release|Any CPU
		{E7A9AA90-7041-4FC3-9BC8-39888A481F6D}.Debug|Any CPU.ActiveCfg = Debug|Any CPU
		{E7A9AA90-7041-4FC3-9BC8-39888A481F6D}.Debug|Any CPU.Build.0 = Debug|Any CPU
		{E7A9AA90-7041-4FC3-9BC8-39888A481F6D}.Release|Any CPU.ActiveCfg = Release|Any CPU
		{E7A9AA90-7041-4FC3-9BC8-39888A481F6D}.Release|Any CPU.Build.0 = Release|Any CPU
		{8EFB0A3C-2C7A-459E-A014-B794C3DEF207}.Debug|Any CPU.ActiveCfg = Debug|Any CPU
		{8EFB0A3C-2C7A-459E-A014-B794C3DEF207}.Debug|Any CPU.Build.0 = Debug|Any CPU
		{8EFB0A3C-2C7A-459E-A014-B794C3DEF207}.Release|Any CPU.ActiveCfg = Release|Any CPU
		{8EFB0A3C-2C7A-459E-A014-B794C3DEF207}.Release|Any CPU.Build.0 = Release|Any CPU
		{9FFE1F69-1AC3-4E43-B270-1BA359B66CC6}.Debug|Any CPU.ActiveCfg = Debug|Any CPU
		{9FFE1F69-1AC3-4E43-B270-1BA359B66CC6}.Debug|Any CPU.Build.0 = Debug|Any CPU
		{9FFE1F69-1AC3-4E43-B270-1BA359B66CC6}.Release|Any CPU.ActiveCfg = Release|Any CPU
		{9FFE1F69-1AC3-4E43-B270-1BA359B66CC6}.Release|Any CPU.Build.0 = Release|Any CPU
		{85A4ED8B-5B3E-44BB-8530-C61339BF3995}.Debug|Any CPU.ActiveCfg = Debug|Any CPU
		{85A4ED8B-5B3E-44BB-8530-C61339BF3995}.Debug|Any CPU.Build.0 = Debug|Any CPU
		{85A4ED8B-5B3E-44BB-8530-C61339BF3995}.Release|Any CPU.ActiveCfg = Release|Any CPU
		{85A4ED8B-5B3E-44BB-8530-C61339BF3995}.Release|Any CPU.Build.0 = Release|Any CPU
	EndGlobalSection
	GlobalSection(SolutionProperties) = preSolution
		HideSolutionNode = FALSE
	EndGlobalSection
	GlobalSection(ExtensibilityGlobals) = postSolution
		SolutionGuid = {AE3EFBD5-4156-4A92-A349-AE773ABC05D0}
	EndGlobalSection
EndGlobal
