
Microsoft Visual Studio Solution File, Format Version 12.00
# Visual Studio Version 16
VisualStudioVersion = 16.0.29613.14
MinimumVisualStudioVersion = 10.0.40219.1
Project("{9A19103F-16F7-4668-BE54-9A1E7A4F7556}") = "_01", "_01\_01.csproj", "{E170A270-4456-4518-95F4-5C0DE4CECDE9}"
EndProject
Project("{9A19103F-16F7-4668-BE54-9A1E7A4F7556}") = "_02", "_02\_02.csproj", "{564FBFE8-771D-4282-98D5-A1B96EEBAAC1}"
EndProject
Project("{9A19103F-16F7-4668-BE54-9A1E7A4F7556}") = "_03", "_03\_03.csproj", "{58291D80-C3AA-4434-B125-72D22CF93CB1}"
EndProject
Project("{FAE04EC0-301F-11D3-BF4B-00C04F79EFBC}") = "_04", "_04\_04.csproj", "{66FE4D51-1844-4961-A128-86904E7485DC}"
EndProject
Project("{FAE04EC0-301F-11D3-BF4B-00C04F79EFBC}") = "_05", "_05\_05.csproj", "{A698ED32-5865-4E0F-A389-7EB088776E4F}"
EndProject
Project("{FAE04EC0-301F-11D3-BF4B-00C04F79EFBC}") = "_06", "_06\_06.csproj", "{E418080F-3B16-4DD4-8569-886B3CA3AECB}"
EndProject
Project("{FAE04EC0-301F-11D3-BF4B-00C04F79EFBC}") = "_08", "_08\_08.csproj", "{A954DBA2-C069-48E5-89B1-F024536F636E}"
EndProject
Project("{FAE04EC0-301F-11D3-BF4B-00C04F79EFBC}") = "_07", "_07\_07.csproj", "{D685173F-838E-4D01-A965-E1F21CC4702A}"
EndProject
Project("{FAE04EC0-301F-11D3-BF4B-00C04F79EFBC}") = "_09", "_09\_09.csproj", "{93DC1760-42F8-45B6-864B-E4A007CF6481}"
EndProject
Project("{FAE04EC0-301F-11D3-BF4B-00C04F79EFBC}") = "_10", "_10\_10.csproj", "{73496E11-2A72-4C12-B12C-BBBED3728EDB}"
EndProject
Project("{FAE04EC0-301F-11D3-BF4B-00C04F79EFBC}") = "_11", "_11\_11.csproj", "{EED03729-5DBE-4DA1-B029-DFE3B64EE71C}"
EndProject
Project("{FAE04EC0-301F-11D3-BF4B-00C04F79EFBC}") = "_12", "_12\_12.csproj", "{3AD0609B-2A34-4255-9F89-180512E3DC7D}"
EndProject
Project("{FAE04EC0-301F-11D3-BF4B-00C04F79EFBC}") = "_13", "_13\_13.csproj", "{85DC03DE-95C6-4FD2-9E09-58FC583E65A2}"
EndProject
Project("{FAE04EC0-301F-11D3-BF4B-00C04F79EFBC}") = "_14", "_14\_14.csproj", "{C00C1AB7-DFB5-48B8-96B0-10F4B7FD69B0}"
EndProject
Project("{FAE04EC0-301F-11D3-BF4B-00C04F79EFBC}") = "_15", "_15\_15.csproj", "{C070AD36-4F95-4EDD-B037-4DBEF2A06F7A}"
EndProject
Global
	GlobalSection(SolutionConfigurationPlatforms) = preSolution
		Debug|Any CPU = Debug|Any CPU
		Release|Any CPU = Release|Any CPU
	EndGlobalSection
	GlobalSection(ProjectConfigurationPlatforms) = postSolution
		{E170A270-4456-4518-95F4-5C0DE4CECDE9}.Debug|Any CPU.ActiveCfg = Debug|Any CPU
		{E170A270-4456-4518-95F4-5C0DE4CECDE9}.Debug|Any CPU.Build.0 = Debug|Any CPU
		{E170A270-4456-4518-95F4-5C0DE4CECDE9}.Release|Any CPU.ActiveCfg = Release|Any CPU
		{E170A270-4456-4518-95F4-5C0DE4CECDE9}.Release|Any CPU.Build.0 = Release|Any CPU
		{564FBFE8-771D-4282-98D5-A1B96EEBAAC1}.Debug|Any CPU.ActiveCfg = Debug|Any CPU
		{564FBFE8-771D-4282-98D5-A1B96EEBAAC1}.Debug|Any CPU.Build.0 = Debug|Any CPU
		{564FBFE8-771D-4282-98D5-A1B96EEBAAC1}.Release|Any CPU.ActiveCfg = Release|Any CPU
		{564FBFE8-771D-4282-98D5-A1B96EEBAAC1}.Release|Any CPU.Build.0 = Release|Any CPU
		{58291D80-C3AA-4434-B125-72D22CF93CB1}.Debug|Any CPU.ActiveCfg = Debug|Any CPU
		{58291D80-C3AA-4434-B125-72D22CF93CB1}.Debug|Any CPU.Build.0 = Debug|Any CPU
		{58291D80-C3AA-4434-B125-72D22CF93CB1}.Release|Any CPU.ActiveCfg = Release|Any CPU
		{58291D80-C3AA-4434-B125-72D22CF93CB1}.Release|Any CPU.Build.0 = Release|Any CPU
		{66FE4D51-1844-4961-A128-86904E7485DC}.Debug|Any CPU.ActiveCfg = Debug|Any CPU
		{66FE4D51-1844-4961-A128-86904E7485DC}.Debug|Any CPU.Build.0 = Debug|Any CPU
		{66FE4D51-1844-4961-A128-86904E7485DC}.Release|Any CPU.ActiveCfg = Release|Any CPU
		{66FE4D51-1844-4961-A128-86904E7485DC}.Release|Any CPU.Build.0 = Release|Any CPU
		{A698ED32-5865-4E0F-A389-7EB088776E4F}.Debug|Any CPU.ActiveCfg = Debug|Any CPU
		{A698ED32-5865-4E0F-A389-7EB088776E4F}.Debug|Any CPU.Build.0 = Debug|Any CPU
		{A698ED32-5865-4E0F-A389-7EB088776E4F}.Release|Any CPU.ActiveCfg = Release|Any CPU
		{A698ED32-5865-4E0F-A389-7EB088776E4F}.Release|Any CPU.Build.0 = Release|Any CPU
		{E418080F-3B16-4DD4-8569-886B3CA3AECB}.Debug|Any CPU.ActiveCfg = Debug|Any CPU
		{E418080F-3B16-4DD4-8569-886B3CA3AECB}.Debug|Any CPU.Build.0 = Debug|Any CPU
		{E418080F-3B16-4DD4-8569-886B3CA3AECB}.Release|Any CPU.ActiveCfg = Release|Any CPU
		{E418080F-3B16-4DD4-8569-886B3CA3AECB}.Release|Any CPU.Build.0 = Release|Any CPU
		{A954DBA2-C069-48E5-89B1-F024536F636E}.Debug|Any CPU.ActiveCfg = Debug|Any CPU
		{A954DBA2-C069-48E5-89B1-F024536F636E}.Debug|Any CPU.Build.0 = Debug|Any CPU
		{A954DBA2-C069-48E5-89B1-F024536F636E}.Release|Any CPU.ActiveCfg = Release|Any CPU
		{A954DBA2-C069-48E5-89B1-F024536F636E}.Release|Any CPU.Build.0 = Release|Any CPU
		{D685173F-838E-4D01-A965-E1F21CC4702A}.Debug|Any CPU.ActiveCfg = Debug|Any CPU
		{D685173F-838E-4D01-A965-E1F21CC4702A}.Debug|Any CPU.Build.0 = Debug|Any CPU
		{D685173F-838E-4D01-A965-E1F21CC4702A}.Release|Any CPU.ActiveCfg = Release|Any CPU
		{D685173F-838E-4D01-A965-E1F21CC4702A}.Release|Any CPU.Build.0 = Release|Any CPU
		{93DC1760-42F8-45B6-864B-E4A007CF6481}.Debug|Any CPU.ActiveCfg = Debug|Any CPU
		{93DC1760-42F8-45B6-864B-E4A007CF6481}.Debug|Any CPU.Build.0 = Debug|Any CPU
		{93DC1760-42F8-45B6-864B-E4A007CF6481}.Release|Any CPU.ActiveCfg = Release|Any CPU
		{93DC1760-42F8-45B6-864B-E4A007CF6481}.Release|Any CPU.Build.0 = Release|Any CPU
		{73496E11-2A72-4C12-B12C-BBBED3728EDB}.Debug|Any CPU.ActiveCfg = Debug|Any CPU
		{73496E11-2A72-4C12-B12C-BBBED3728EDB}.Debug|Any CPU.Build.0 = Debug|Any CPU
		{73496E11-2A72-4C12-B12C-BBBED3728EDB}.Release|Any CPU.ActiveCfg = Release|Any CPU
		{73496E11-2A72-4C12-B12C-BBBED3728EDB}.Release|Any CPU.Build.0 = Release|Any CPU
		{EED03729-5DBE-4DA1-B029-DFE3B64EE71C}.Debug|Any CPU.ActiveCfg = Debug|Any CPU
		{EED03729-5DBE-4DA1-B029-DFE3B64EE71C}.Debug|Any CPU.Build.0 = Debug|Any CPU
		{EED03729-5DBE-4DA1-B029-DFE3B64EE71C}.Release|Any CPU.ActiveCfg = Release|Any CPU
		{EED03729-5DBE-4DA1-B029-DFE3B64EE71C}.Release|Any CPU.Build.0 = Release|Any CPU
		{3AD0609B-2A34-4255-9F89-180512E3DC7D}.Debug|Any CPU.ActiveCfg = Debug|Any CPU
		{3AD0609B-2A34-4255-9F89-180512E3DC7D}.Debug|Any CPU.Build.0 = Debug|Any CPU
		{3AD0609B-2A34-4255-9F89-180512E3DC7D}.Release|Any CPU.ActiveCfg = Release|Any CPU
		{3AD0609B-2A34-4255-9F89-180512E3DC7D}.Release|Any CPU.Build.0 = Release|Any CPU
		{85DC03DE-95C6-4FD2-9E09-58FC583E65A2}.Debug|Any CPU.ActiveCfg = Debug|Any CPU
		{85DC03DE-95C6-4FD2-9E09-58FC583E65A2}.Debug|Any CPU.Build.0 = Debug|Any CPU
		{85DC03DE-95C6-4FD2-9E09-58FC583E65A2}.Release|Any CPU.ActiveCfg = Release|Any CPU
		{85DC03DE-95C6-4FD2-9E09-58FC583E65A2}.Release|Any CPU.Build.0 = Release|Any CPU
		{C00C1AB7-DFB5-48B8-96B0-10F4B7FD69B0}.Debug|Any CPU.ActiveCfg = Debug|Any CPU
		{C00C1AB7-DFB5-48B8-96B0-10F4B7FD69B0}.Debug|Any CPU.Build.0 = Debug|Any CPU
		{C00C1AB7-DFB5-48B8-96B0-10F4B7FD69B0}.Release|Any CPU.ActiveCfg = Release|Any CPU
		{C00C1AB7-DFB5-48B8-96B0-10F4B7FD69B0}.Release|Any CPU.Build.0 = Release|Any CPU
		{C070AD36-4F95-4EDD-B037-4DBEF2A06F7A}.Debug|Any CPU.ActiveCfg = Debug|Any CPU
		{C070AD36-4F95-4EDD-B037-4DBEF2A06F7A}.Debug|Any CPU.Build.0 = Debug|Any CPU
		{C070AD36-4F95-4EDD-B037-4DBEF2A06F7A}.Release|Any CPU.ActiveCfg = Release|Any CPU
		{C070AD36-4F95-4EDD-B037-4DBEF2A06F7A}.Release|Any CPU.Build.0 = Release|Any CPU
	EndGlobalSection
	GlobalSection(SolutionProperties) = preSolution
		HideSolutionNode = FALSE
	EndGlobalSection
	GlobalSection(ExtensibilityGlobals) = postSolution
		SolutionGuid = {3F80AC43-B624-4FD3-BB2F-D25287483CA1}
	EndGlobalSection
EndGlobal
