
Microsoft Visual Studio Solution File, Format Version 12.00
# Visual Studio Version 16
VisualStudioVersion = 16.0.29613.14
MinimumVisualStudioVersion = 10.0.40219.1
Project("{9A19103F-16F7-4668-BE54-9A1E7A4F7556}") = "_01", "_01\_01.csproj", "{DF15EA20-2149-455E-9932-32D97595CA6A}"
EndProject
Project("{9A19103F-16F7-4668-BE54-9A1E7A4F7556}") = "_02", "_02\_02.csproj", "{BCC26931-6572-4F82-A867-22AE44E407E9}"
EndProject
Project("{9A19103F-16F7-4668-BE54-9A1E7A4F7556}") = "_03", "_03\_03.csproj", "{E6E99819-E6ED-4AFF-B001-366788E1B780}"
EndProject
Project("{9A19103F-16F7-4668-BE54-9A1E7A4F7556}") = "_04", "_04\_04.csproj", "{A884B46A-7307-4F1C-91BE-45F62D703809}"
EndProject
Project("{9A19103F-16F7-4668-BE54-9A1E7A4F7556}") = "_05", "_05\_05.csproj", "{5B84BB13-D805-4AB2-9596-5918CABDED13}"
EndProject
Project("{9A19103F-16F7-4668-BE54-9A1E7A4F7556}") = "_06", "_06\_06.csproj", "{811A5FD5-7BAE-4F16-9164-AC7D665F14B5}"
EndProject
Project("{9A19103F-16F7-4668-BE54-9A1E7A4F7556}") = "_07", "_07\_07.csproj", "{462D59DC-CE74-4BCF-A7D4-7B5E22D3676D}"
EndProject
Project("{9A19103F-16F7-4668-BE54-9A1E7A4F7556}") = "_08", "_08\_08.csproj", "{5F200CA0-9B4E-40D6-8AEF-F2894893D885}"
EndProject
Project("{9A19103F-16F7-4668-BE54-9A1E7A4F7556}") = "_09", "_09\_09.csproj", "{9153B54F-BAFA-49B2-9C17-A642940BF2EB}"
EndProject
Project("{9A19103F-16F7-4668-BE54-9A1E7A4F7556}") = "_10", "_10\_10.csproj", "{7F1BE073-ADFE-431E-B6F0-F54BA4194285}"
EndProject
Project("{9A19103F-16F7-4668-BE54-9A1E7A4F7556}") = "_11", "_11\_11.csproj", "{4E90AEDD-0C9B-4112-95FB-28422043B94C}"
EndProject
Project("{9A19103F-16F7-4668-BE54-9A1E7A4F7556}") = "_12", "_12\_12.csproj", "{4FDE91C1-85BE-4900-87C9-577C288E026D}"
EndProject
Project("{9A19103F-16F7-4668-BE54-9A1E7A4F7556}") = "_13", "_13\_13.csproj", "{DF7CF014-F440-42D1-A3A7-0E1BE7546718}"
EndProject
Project("{9A19103F-16F7-4668-BE54-9A1E7A4F7556}") = "_14", "_14\_14.csproj", "{274C067D-FC29-4DA8-B9CD-9A62874F9130}"
EndProject
Project("{9A19103F-16F7-4668-BE54-9A1E7A4F7556}") = "_15", "_15\_15.csproj", "{B0408032-7A29-41FE-8FA2-4DEF3DB45BF5}"
EndProject
Project("{9A19103F-16F7-4668-BE54-9A1E7A4F7556}") = "_16", "_16\_16.csproj", "{35AFF0B5-300F-422A-835C-7274E4459CDE}"
EndProject
Project("{9A19103F-16F7-4668-BE54-9A1E7A4F7556}") = "_17", "_17\_17.csproj", "{A7002FAD-FDDE-4304-9624-BB38442BCA65}"
EndProject
Project("{9A19103F-16F7-4668-BE54-9A1E7A4F7556}") = "_18", "_18\_18.csproj", "{38F6201A-5ECE-4A40-877B-2EAC9297AC01}"
EndProject
Project("{9A19103F-16F7-4668-BE54-9A1E7A4F7556}") = "_19", "_19\_19.csproj", "{7BF49770-10C8-420E-BCE3-DA9D76E56FE8}"
EndProject
Project("{9A19103F-16F7-4668-BE54-9A1E7A4F7556}") = "_20", "_20\_20.csproj", "{1BFB6CEE-5DA2-4CCA-8D88-11E9F45E6A19}"
EndProject
Project("{9A19103F-16F7-4668-BE54-9A1E7A4F7556}") = "_21", "_21\_21.csproj", "{30A04902-E20F-487F-8786-2AD5945C4E9D}"
EndProject
Project("{9A19103F-16F7-4668-BE54-9A1E7A4F7556}") = "_22", "_22\_22.csproj", "{D22D0627-AB02-4E8B-95F7-3A36ACB326E7}"
EndProject
Project("{9A19103F-16F7-4668-BE54-9A1E7A4F7556}") = "_23", "_23\_23.csproj", "{C9DD3439-03AC-4FBB-AD41-C9064183F190}"
EndProject
Project("{9A19103F-16F7-4668-BE54-9A1E7A4F7556}") = "_24", "_24\_24.csproj", "{AD613039-28DC-41CA-AB1D-349994BF3D3F}"
EndProject
Project("{9A19103F-16F7-4668-BE54-9A1E7A4F7556}") = "_25", "_25\_25.csproj", "{F003E2EE-9670-4310-974F-85D0E6D4D9BA}"
EndProject
Project("{9A19103F-16F7-4668-BE54-9A1E7A4F7556}") = "_26", "_26\_26.csproj", "{BC01353E-1E31-46D1-85BF-BB1E2855FADE}"
EndProject
Project("{9A19103F-16F7-4668-BE54-9A1E7A4F7556}") = "_27", "_27\_27.csproj", "{858AB098-5715-41AA-A69A-CAB32987B706}"
EndProject
Project("{9A19103F-16F7-4668-BE54-9A1E7A4F7556}") = "_28", "_28\_28.csproj", "{4F88FD90-E47C-4EB5-B3E3-6B921F33BED9}"
EndProject
Project("{9A19103F-16F7-4668-BE54-9A1E7A4F7556}") = "_29", "_29\_29.csproj", "{22CEA430-6BDF-4CFC-A0A3-E46A0B5A316F}"
EndProject
Project("{9A19103F-16F7-4668-BE54-9A1E7A4F7556}") = "_30", "_30\_30.csproj", "{CA7A8414-3C11-4B1C-BA13-E372DB7CA88E}"
EndProject
Project("{9A19103F-16F7-4668-BE54-9A1E7A4F7556}") = "_31", "_31\_31.csproj", "{A21B5166-0507-430F-9462-750CF6EDACF0}"
EndProject
Project("{9A19103F-16F7-4668-BE54-9A1E7A4F7556}") = "_32", "_32\_32.csproj", "{EEDF90A2-C9CB-4E49-8B3D-687511FE84CD}"
EndProject
Project("{9A19103F-16F7-4668-BE54-9A1E7A4F7556}") = "_33", "_33\_33.csproj", "{21FEBF07-212D-4073-BCD2-A8D8D8554B50}"
EndProject
Project("{9A19103F-16F7-4668-BE54-9A1E7A4F7556}") = "_34", "_34\_34.csproj", "{E422CEDE-93E0-4193-AA67-A73BE7E7ADF5}"
EndProject
Project("{9A19103F-16F7-4668-BE54-9A1E7A4F7556}") = "_35", "_35\_35.csproj", "{512FB0AA-7DF2-493A-B7A7-AEE6C54B3929}"
EndProject
Project("{9A19103F-16F7-4668-BE54-9A1E7A4F7556}") = "_36", "_36\_36.csproj", "{51B4C060-2D4D-4E76-9FFF-A1840B55B83E}"
EndProject
Project("{9A19103F-16F7-4668-BE54-9A1E7A4F7556}") = "_37", "_37\_37.csproj", "{FA0CBF47-8CCE-41DB-9057-21977212F2BE}"
EndProject
Project("{9A19103F-16F7-4668-BE54-9A1E7A4F7556}") = "_38", "_38\_38.csproj", "{95B22843-2565-401C-8B98-C2B5D1ABACAC}"
EndProject
Project("{9A19103F-16F7-4668-BE54-9A1E7A4F7556}") = "_39", "_39\_39.csproj", "{31891507-69D2-488E-8EFB-ADEABA6B06FC}"
EndProject
Project("{9A19103F-16F7-4668-BE54-9A1E7A4F7556}") = "_40", "_40\_40.csproj", "{76D22F00-F8EF-4E1C-B74B-4949652B2AA1}"
EndProject
Project("{9A19103F-16F7-4668-BE54-9A1E7A4F7556}") = "_41", "_41\_41.csproj", "{01BAFDAB-A1C9-47E6-8ADB-0F7D3280B4C8}"
EndProject
Project("{9A19103F-16F7-4668-BE54-9A1E7A4F7556}") = "_42", "_42\_42.csproj", "{4E4DE3BB-5DD6-4ACF-BB70-3566F144C27E}"
EndProject
Project("{9A19103F-16F7-4668-BE54-9A1E7A4F7556}") = "_43", "_43\_43.csproj", "{578667AA-DAEC-4F15-9920-7E7F8F08A212}"
EndProject
Project("{9A19103F-16F7-4668-BE54-9A1E7A4F7556}") = "_44", "_44\_44.csproj", "{E33EE719-53E1-4778-A102-0057A88551C3}"
EndProject
Project("{9A19103F-16F7-4668-BE54-9A1E7A4F7556}") = "_45", "_45\_45.csproj", "{9D050160-B80F-49B4-A21B-FAF5C544F3F5}"
EndProject
Project("{9A19103F-16F7-4668-BE54-9A1E7A4F7556}") = "_46", "_46\_46.csproj", "{C83BC6D0-9C77-4716-ABC7-FB3CBB6B30CB}"
EndProject
Project("{9A19103F-16F7-4668-BE54-9A1E7A4F7556}") = "_47", "_47\_47.csproj", "{3DE797B1-24BE-4239-82C0-35B9F785A886}"
EndProject
Global
	GlobalSection(SolutionConfigurationPlatforms) = preSolution
		Debug|Any CPU = Debug|Any CPU
		Release|Any CPU = Release|Any CPU
	EndGlobalSection
	GlobalSection(ProjectConfigurationPlatforms) = postSolution
		{DF15EA20-2149-455E-9932-32D97595CA6A}.Debug|Any CPU.ActiveCfg = Debug|Any CPU
		{DF15EA20-2149-455E-9932-32D97595CA6A}.Debug|Any CPU.Build.0 = Debug|Any CPU
		{DF15EA20-2149-455E-9932-32D97595CA6A}.Release|Any CPU.ActiveCfg = Release|Any CPU
		{DF15EA20-2149-455E-9932-32D97595CA6A}.Release|Any CPU.Build.0 = Release|Any CPU
		{BCC26931-6572-4F82-A867-22AE44E407E9}.Debug|Any CPU.ActiveCfg = Debug|Any CPU
		{BCC26931-6572-4F82-A867-22AE44E407E9}.Debug|Any CPU.Build.0 = Debug|Any CPU
		{BCC26931-6572-4F82-A867-22AE44E407E9}.Release|Any CPU.ActiveCfg = Release|Any CPU
		{BCC26931-6572-4F82-A867-22AE44E407E9}.Release|Any CPU.Build.0 = Release|Any CPU
		{E6E99819-E6ED-4AFF-B001-366788E1B780}.Debug|Any CPU.ActiveCfg = Debug|Any CPU
		{E6E99819-E6ED-4AFF-B001-366788E1B780}.Debug|Any CPU.Build.0 = Debug|Any CPU
		{E6E99819-E6ED-4AFF-B001-366788E1B780}.Release|Any CPU.ActiveCfg = Release|Any CPU
		{E6E99819-E6ED-4AFF-B001-366788E1B780}.Release|Any CPU.Build.0 = Release|Any CPU
		{A884B46A-7307-4F1C-91BE-45F62D703809}.Debug|Any CPU.ActiveCfg = Debug|Any CPU
		{A884B46A-7307-4F1C-91BE-45F62D703809}.Debug|Any CPU.Build.0 = Debug|Any CPU
		{A884B46A-7307-4F1C-91BE-45F62D703809}.Release|Any CPU.ActiveCfg = Release|Any CPU
		{A884B46A-7307-4F1C-91BE-45F62D703809}.Release|Any CPU.Build.0 = Release|Any CPU
		{5B84BB13-D805-4AB2-9596-5918CABDED13}.Debug|Any CPU.ActiveCfg = Debug|Any CPU
		{5B84BB13-D805-4AB2-9596-5918CABDED13}.Debug|Any CPU.Build.0 = Debug|Any CPU
		{5B84BB13-D805-4AB2-9596-5918CABDED13}.Release|Any CPU.ActiveCfg = Release|Any CPU
		{5B84BB13-D805-4AB2-9596-5918CABDED13}.Release|Any CPU.Build.0 = Release|Any CPU
		{811A5FD5-7BAE-4F16-9164-AC7D665F14B5}.Debug|Any CPU.ActiveCfg = Debug|Any CPU
		{811A5FD5-7BAE-4F16-9164-AC7D665F14B5}.Debug|Any CPU.Build.0 = Debug|Any CPU
		{811A5FD5-7BAE-4F16-9164-AC7D665F14B5}.Release|Any CPU.ActiveCfg = Release|Any CPU
		{811A5FD5-7BAE-4F16-9164-AC7D665F14B5}.Release|Any CPU.Build.0 = Release|Any CPU
		{462D59DC-CE74-4BCF-A7D4-7B5E22D3676D}.Debug|Any CPU.ActiveCfg = Debug|Any CPU
		{462D59DC-CE74-4BCF-A7D4-7B5E22D3676D}.Debug|Any CPU.Build.0 = Debug|Any CPU
		{462D59DC-CE74-4BCF-A7D4-7B5E22D3676D}.Release|Any CPU.ActiveCfg = Release|Any CPU
		{462D59DC-CE74-4BCF-A7D4-7B5E22D3676D}.Release|Any CPU.Build.0 = Release|Any CPU
		{5F200CA0-9B4E-40D6-8AEF-F2894893D885}.Debug|Any CPU.ActiveCfg = Debug|Any CPU
		{5F200CA0-9B4E-40D6-8AEF-F2894893D885}.Debug|Any CPU.Build.0 = Debug|Any CPU
		{5F200CA0-9B4E-40D6-8AEF-F2894893D885}.Release|Any CPU.ActiveCfg = Release|Any CPU
		{5F200CA0-9B4E-40D6-8AEF-F2894893D885}.Release|Any CPU.Build.0 = Release|Any CPU
		{9153B54F-BAFA-49B2-9C17-A642940BF2EB}.Debug|Any CPU.ActiveCfg = Debug|Any CPU
		{9153B54F-BAFA-49B2-9C17-A642940BF2EB}.Debug|Any CPU.Build.0 = Debug|Any CPU
		{9153B54F-BAFA-49B2-9C17-A642940BF2EB}.Release|Any CPU.ActiveCfg = Release|Any CPU
		{9153B54F-BAFA-49B2-9C17-A642940BF2EB}.Release|Any CPU.Build.0 = Release|Any CPU
		{7F1BE073-ADFE-431E-B6F0-F54BA4194285}.Debug|Any CPU.ActiveCfg = Debug|Any CPU
		{7F1BE073-ADFE-431E-B6F0-F54BA4194285}.Debug|Any CPU.Build.0 = Debug|Any CPU
		{7F1BE073-ADFE-431E-B6F0-F54BA4194285}.Release|Any CPU.ActiveCfg = Release|Any CPU
		{7F1BE073-ADFE-431E-B6F0-F54BA4194285}.Release|Any CPU.Build.0 = Release|Any CPU
		{4E90AEDD-0C9B-4112-95FB-28422043B94C}.Debug|Any CPU.ActiveCfg = Debug|Any CPU
		{4E90AEDD-0C9B-4112-95FB-28422043B94C}.Debug|Any CPU.Build.0 = Debug|Any CPU
		{4E90AEDD-0C9B-4112-95FB-28422043B94C}.Release|Any CPU.ActiveCfg = Release|Any CPU
		{4E90AEDD-0C9B-4112-95FB-28422043B94C}.Release|Any CPU.Build.0 = Release|Any CPU
		{4FDE91C1-85BE-4900-87C9-577C288E026D}.Debug|Any CPU.ActiveCfg = Debug|Any CPU
		{4FDE91C1-85BE-4900-87C9-577C288E026D}.Debug|Any CPU.Build.0 = Debug|Any CPU
		{4FDE91C1-85BE-4900-87C9-577C288E026D}.Release|Any CPU.ActiveCfg = Release|Any CPU
		{4FDE91C1-85BE-4900-87C9-577C288E026D}.Release|Any CPU.Build.0 = Release|Any CPU
		{DF7CF014-F440-42D1-A3A7-0E1BE7546718}.Debug|Any CPU.ActiveCfg = Debug|Any CPU
		{DF7CF014-F440-42D1-A3A7-0E1BE7546718}.Debug|Any CPU.Build.0 = Debug|Any CPU
		{DF7CF014-F440-42D1-A3A7-0E1BE7546718}.Release|Any CPU.ActiveCfg = Release|Any CPU
		{DF7CF014-F440-42D1-A3A7-0E1BE7546718}.Release|Any CPU.Build.0 = Release|Any CPU
		{274C067D-FC29-4DA8-B9CD-9A62874F9130}.Debug|Any CPU.ActiveCfg = Debug|Any CPU
		{274C067D-FC29-4DA8-B9CD-9A62874F9130}.Debug|Any CPU.Build.0 = Debug|Any CPU
		{274C067D-FC29-4DA8-B9CD-9A62874F9130}.Release|Any CPU.ActiveCfg = Release|Any CPU
		{274C067D-FC29-4DA8-B9CD-9A62874F9130}.Release|Any CPU.Build.0 = Release|Any CPU
		{B0408032-7A29-41FE-8FA2-4DEF3DB45BF5}.Debug|Any CPU.ActiveCfg = Debug|Any CPU
		{B0408032-7A29-41FE-8FA2-4DEF3DB45BF5}.Debug|Any CPU.Build.0 = Debug|Any CPU
		{B0408032-7A29-41FE-8FA2-4DEF3DB45BF5}.Release|Any CPU.ActiveCfg = Release|Any CPU
		{B0408032-7A29-41FE-8FA2-4DEF3DB45BF5}.Release|Any CPU.Build.0 = Release|Any CPU
		{35AFF0B5-300F-422A-835C-7274E4459CDE}.Debug|Any CPU.ActiveCfg = Debug|Any CPU
		{35AFF0B5-300F-422A-835C-7274E4459CDE}.Debug|Any CPU.Build.0 = Debug|Any CPU
		{35AFF0B5-300F-422A-835C-7274E4459CDE}.Release|Any CPU.ActiveCfg = Release|Any CPU
		{35AFF0B5-300F-422A-835C-7274E4459CDE}.Release|Any CPU.Build.0 = Release|Any CPU
		{A7002FAD-FDDE-4304-9624-BB38442BCA65}.Debug|Any CPU.ActiveCfg = Debug|Any CPU
		{A7002FAD-FDDE-4304-9624-BB38442BCA65}.Debug|Any CPU.Build.0 = Debug|Any CPU
		{A7002FAD-FDDE-4304-9624-BB38442BCA65}.Release|Any CPU.ActiveCfg = Release|Any CPU
		{A7002FAD-FDDE-4304-9624-BB38442BCA65}.Release|Any CPU.Build.0 = Release|Any CPU
		{38F6201A-5ECE-4A40-877B-2EAC9297AC01}.Debug|Any CPU.ActiveCfg = Debug|Any CPU
		{38F6201A-5ECE-4A40-877B-2EAC9297AC01}.Debug|Any CPU.Build.0 = Debug|Any CPU
		{38F6201A-5ECE-4A40-877B-2EAC9297AC01}.Release|Any CPU.ActiveCfg = Release|Any CPU
		{38F6201A-5ECE-4A40-877B-2EAC9297AC01}.Release|Any CPU.Build.0 = Release|Any CPU
		{7BF49770-10C8-420E-BCE3-DA9D76E56FE8}.Debug|Any CPU.ActiveCfg = Debug|Any CPU
		{7BF49770-10C8-420E-BCE3-DA9D76E56FE8}.Debug|Any CPU.Build.0 = Debug|Any CPU
		{7BF49770-10C8-420E-BCE3-DA9D76E56FE8}.Release|Any CPU.ActiveCfg = Release|Any CPU
		{7BF49770-10C8-420E-BCE3-DA9D76E56FE8}.Release|Any CPU.Build.0 = Release|Any CPU
		{1BFB6CEE-5DA2-4CCA-8D88-11E9F45E6A19}.Debug|Any CPU.ActiveCfg = Debug|Any CPU
		{1BFB6CEE-5DA2-4CCA-8D88-11E9F45E6A19}.Debug|Any CPU.Build.0 = Debug|Any CPU
		{1BFB6CEE-5DA2-4CCA-8D88-11E9F45E6A19}.Release|Any CPU.ActiveCfg = Release|Any CPU
		{1BFB6CEE-5DA2-4CCA-8D88-11E9F45E6A19}.Release|Any CPU.Build.0 = Release|Any CPU
		{30A04902-E20F-487F-8786-2AD5945C4E9D}.Debug|Any CPU.ActiveCfg = Debug|Any CPU
		{30A04902-E20F-487F-8786-2AD5945C4E9D}.Debug|Any CPU.Build.0 = Debug|Any CPU
		{30A04902-E20F-487F-8786-2AD5945C4E9D}.Release|Any CPU.ActiveCfg = Release|Any CPU
		{30A04902-E20F-487F-8786-2AD5945C4E9D}.Release|Any CPU.Build.0 = Release|Any CPU
		{D22D0627-AB02-4E8B-95F7-3A36ACB326E7}.Debug|Any CPU.ActiveCfg = Debug|Any CPU
		{D22D0627-AB02-4E8B-95F7-3A36ACB326E7}.Debug|Any CPU.Build.0 = Debug|Any CPU
		{D22D0627-AB02-4E8B-95F7-3A36ACB326E7}.Release|Any CPU.ActiveCfg = Release|Any CPU
		{D22D0627-AB02-4E8B-95F7-3A36ACB326E7}.Release|Any CPU.Build.0 = Release|Any CPU
		{C9DD3439-03AC-4FBB-AD41-C9064183F190}.Debug|Any CPU.ActiveCfg = Debug|Any CPU
		{C9DD3439-03AC-4FBB-AD41-C9064183F190}.Debug|Any CPU.Build.0 = Debug|Any CPU
		{C9DD3439-03AC-4FBB-AD41-C9064183F190}.Release|Any CPU.ActiveCfg = Release|Any CPU
		{C9DD3439-03AC-4FBB-AD41-C9064183F190}.Release|Any CPU.Build.0 = Release|Any CPU
		{AD613039-28DC-41CA-AB1D-349994BF3D3F}.Debug|Any CPU.ActiveCfg = Debug|Any CPU
		{AD613039-28DC-41CA-AB1D-349994BF3D3F}.Debug|Any CPU.Build.0 = Debug|Any CPU
		{AD613039-28DC-41CA-AB1D-349994BF3D3F}.Release|Any CPU.ActiveCfg = Release|Any CPU
		{AD613039-28DC-41CA-AB1D-349994BF3D3F}.Release|Any CPU.Build.0 = Release|Any CPU
		{F003E2EE-9670-4310-974F-85D0E6D4D9BA}.Debug|Any CPU.ActiveCfg = Debug|Any CPU
		{F003E2EE-9670-4310-974F-85D0E6D4D9BA}.Debug|Any CPU.Build.0 = Debug|Any CPU
		{F003E2EE-9670-4310-974F-85D0E6D4D9BA}.Release|Any CPU.ActiveCfg = Release|Any CPU
		{F003E2EE-9670-4310-974F-85D0E6D4D9BA}.Release|Any CPU.Build.0 = Release|Any CPU
		{BC01353E-1E31-46D1-85BF-BB1E2855FADE}.Debug|Any CPU.ActiveCfg = Debug|Any CPU
		{BC01353E-1E31-46D1-85BF-BB1E2855FADE}.Debug|Any CPU.Build.0 = Debug|Any CPU
		{BC01353E-1E31-46D1-85BF-BB1E2855FADE}.Release|Any CPU.ActiveCfg = Release|Any CPU
		{BC01353E-1E31-46D1-85BF-BB1E2855FADE}.Release|Any CPU.Build.0 = Release|Any CPU
		{858AB098-5715-41AA-A69A-CAB32987B706}.Debug|Any CPU.ActiveCfg = Debug|Any CPU
		{858AB098-5715-41AA-A69A-CAB32987B706}.Debug|Any CPU.Build.0 = Debug|Any CPU
		{858AB098-5715-41AA-A69A-CAB32987B706}.Release|Any CPU.ActiveCfg = Release|Any CPU
		{858AB098-5715-41AA-A69A-CAB32987B706}.Release|Any CPU.Build.0 = Release|Any CPU
		{4F88FD90-E47C-4EB5-B3E3-6B921F33BED9}.Debug|Any CPU.ActiveCfg = Debug|Any CPU
		{4F88FD90-E47C-4EB5-B3E3-6B921F33BED9}.Debug|Any CPU.Build.0 = Debug|Any CPU
		{4F88FD90-E47C-4EB5-B3E3-6B921F33BED9}.Release|Any CPU.ActiveCfg = Release|Any CPU
		{4F88FD90-E47C-4EB5-B3E3-6B921F33BED9}.Release|Any CPU.Build.0 = Release|Any CPU
		{22CEA430-6BDF-4CFC-A0A3-E46A0B5A316F}.Debug|Any CPU.ActiveCfg = Debug|Any CPU
		{22CEA430-6BDF-4CFC-A0A3-E46A0B5A316F}.Debug|Any CPU.Build.0 = Debug|Any CPU
		{22CEA430-6BDF-4CFC-A0A3-E46A0B5A316F}.Release|Any CPU.ActiveCfg = Release|Any CPU
		{22CEA430-6BDF-4CFC-A0A3-E46A0B5A316F}.Release|Any CPU.Build.0 = Release|Any CPU
		{CA7A8414-3C11-4B1C-BA13-E372DB7CA88E}.Debug|Any CPU.ActiveCfg = Debug|Any CPU
		{CA7A8414-3C11-4B1C-BA13-E372DB7CA88E}.Debug|Any CPU.Build.0 = Debug|Any CPU
		{CA7A8414-3C11-4B1C-BA13-E372DB7CA88E}.Release|Any CPU.ActiveCfg = Release|Any CPU
		{CA7A8414-3C11-4B1C-BA13-E372DB7CA88E}.Release|Any CPU.Build.0 = Release|Any CPU
		{A21B5166-0507-430F-9462-750CF6EDACF0}.Debug|Any CPU.ActiveCfg = Debug|Any CPU
		{A21B5166-0507-430F-9462-750CF6EDACF0}.Debug|Any CPU.Build.0 = Debug|Any CPU
		{A21B5166-0507-430F-9462-750CF6EDACF0}.Release|Any CPU.ActiveCfg = Release|Any CPU
		{A21B5166-0507-430F-9462-750CF6EDACF0}.Release|Any CPU.Build.0 = Release|Any CPU
		{EEDF90A2-C9CB-4E49-8B3D-687511FE84CD}.Debug|Any CPU.ActiveCfg = Debug|Any CPU
		{EEDF90A2-C9CB-4E49-8B3D-687511FE84CD}.Debug|Any CPU.Build.0 = Debug|Any CPU
		{EEDF90A2-C9CB-4E49-8B3D-687511FE84CD}.Release|Any CPU.ActiveCfg = Release|Any CPU
		{EEDF90A2-C9CB-4E49-8B3D-687511FE84CD}.Release|Any CPU.Build.0 = Release|Any CPU
		{21FEBF07-212D-4073-BCD2-A8D8D8554B50}.Debug|Any CPU.ActiveCfg = Debug|Any CPU
		{21FEBF07-212D-4073-BCD2-A8D8D8554B50}.Debug|Any CPU.Build.0 = Debug|Any CPU
		{21FEBF07-212D-4073-BCD2-A8D8D8554B50}.Release|Any CPU.ActiveCfg = Release|Any CPU
		{21FEBF07-212D-4073-BCD2-A8D8D8554B50}.Release|Any CPU.Build.0 = Release|Any CPU
		{E422CEDE-93E0-4193-AA67-A73BE7E7ADF5}.Debug|Any CPU.ActiveCfg = Debug|Any CPU
		{E422CEDE-93E0-4193-AA67-A73BE7E7ADF5}.Debug|Any CPU.Build.0 = Debug|Any CPU
		{E422CEDE-93E0-4193-AA67-A73BE7E7ADF5}.Release|Any CPU.ActiveCfg = Release|Any CPU
		{E422CEDE-93E0-4193-AA67-A73BE7E7ADF5}.Release|Any CPU.Build.0 = Release|Any CPU
		{512FB0AA-7DF2-493A-B7A7-AEE6C54B3929}.Debug|Any CPU.ActiveCfg = Debug|Any CPU
		{512FB0AA-7DF2-493A-B7A7-AEE6C54B3929}.Debug|Any CPU.Build.0 = Debug|Any CPU
		{512FB0AA-7DF2-493A-B7A7-AEE6C54B3929}.Release|Any CPU.ActiveCfg = Release|Any CPU
		{512FB0AA-7DF2-493A-B7A7-AEE6C54B3929}.Release|Any CPU.Build.0 = Release|Any CPU
		{51B4C060-2D4D-4E76-9FFF-A1840B55B83E}.Debug|Any CPU.ActiveCfg = Debug|Any CPU
		{51B4C060-2D4D-4E76-9FFF-A1840B55B83E}.Debug|Any CPU.Build.0 = Debug|Any CPU
		{51B4C060-2D4D-4E76-9FFF-A1840B55B83E}.Release|Any CPU.ActiveCfg = Release|Any CPU
		{51B4C060-2D4D-4E76-9FFF-A1840B55B83E}.Release|Any CPU.Build.0 = Release|Any CPU
		{FA0CBF47-8CCE-41DB-9057-21977212F2BE}.Debug|Any CPU.ActiveCfg = Debug|Any CPU
		{FA0CBF47-8CCE-41DB-9057-21977212F2BE}.Debug|Any CPU.Build.0 = Debug|Any CPU
		{FA0CBF47-8CCE-41DB-9057-21977212F2BE}.Release|Any CPU.ActiveCfg = Release|Any CPU
		{FA0CBF47-8CCE-41DB-9057-21977212F2BE}.Release|Any CPU.Build.0 = Release|Any CPU
		{95B22843-2565-401C-8B98-C2B5D1ABACAC}.Debug|Any CPU.ActiveCfg = Debug|Any CPU
		{95B22843-2565-401C-8B98-C2B5D1ABACAC}.Debug|Any CPU.Build.0 = Debug|Any CPU
		{95B22843-2565-401C-8B98-C2B5D1ABACAC}.Release|Any CPU.ActiveCfg = Release|Any CPU
		{95B22843-2565-401C-8B98-C2B5D1ABACAC}.Release|Any CPU.Build.0 = Release|Any CPU
		{31891507-69D2-488E-8EFB-ADEABA6B06FC}.Debug|Any CPU.ActiveCfg = Debug|Any CPU
		{31891507-69D2-488E-8EFB-ADEABA6B06FC}.Debug|Any CPU.Build.0 = Debug|Any CPU
		{31891507-69D2-488E-8EFB-ADEABA6B06FC}.Release|Any CPU.ActiveCfg = Release|Any CPU
		{31891507-69D2-488E-8EFB-ADEABA6B06FC}.Release|Any CPU.Build.0 = Release|Any CPU
		{76D22F00-F8EF-4E1C-B74B-4949652B2AA1}.Debug|Any CPU.ActiveCfg = Debug|Any CPU
		{76D22F00-F8EF-4E1C-B74B-4949652B2AA1}.Debug|Any CPU.Build.0 = Debug|Any CPU
		{76D22F00-F8EF-4E1C-B74B-4949652B2AA1}.Release|Any CPU.ActiveCfg = Release|Any CPU
		{76D22F00-F8EF-4E1C-B74B-4949652B2AA1}.Release|Any CPU.Build.0 = Release|Any CPU
		{01BAFDAB-A1C9-47E6-8ADB-0F7D3280B4C8}.Debug|Any CPU.ActiveCfg = Debug|Any CPU
		{01BAFDAB-A1C9-47E6-8ADB-0F7D3280B4C8}.Debug|Any CPU.Build.0 = Debug|Any CPU
		{01BAFDAB-A1C9-47E6-8ADB-0F7D3280B4C8}.Release|Any CPU.ActiveCfg = Release|Any CPU
		{01BAFDAB-A1C9-47E6-8ADB-0F7D3280B4C8}.Release|Any CPU.Build.0 = Release|Any CPU
		{4E4DE3BB-5DD6-4ACF-BB70-3566F144C27E}.Debug|Any CPU.ActiveCfg = Debug|Any CPU
		{4E4DE3BB-5DD6-4ACF-BB70-3566F144C27E}.Debug|Any CPU.Build.0 = Debug|Any CPU
		{4E4DE3BB-5DD6-4ACF-BB70-3566F144C27E}.Release|Any CPU.ActiveCfg = Release|Any CPU
		{4E4DE3BB-5DD6-4ACF-BB70-3566F144C27E}.Release|Any CPU.Build.0 = Release|Any CPU
		{578667AA-DAEC-4F15-9920-7E7F8F08A212}.Debug|Any CPU.ActiveCfg = Debug|Any CPU
		{578667AA-DAEC-4F15-9920-7E7F8F08A212}.Debug|Any CPU.Build.0 = Debug|Any CPU
		{578667AA-DAEC-4F15-9920-7E7F8F08A212}.Release|Any CPU.ActiveCfg = Release|Any CPU
		{578667AA-DAEC-4F15-9920-7E7F8F08A212}.Release|Any CPU.Build.0 = Release|Any CPU
		{E33EE719-53E1-4778-A102-0057A88551C3}.Debug|Any CPU.ActiveCfg = Debug|Any CPU
		{E33EE719-53E1-4778-A102-0057A88551C3}.Debug|Any CPU.Build.0 = Debug|Any CPU
		{E33EE719-53E1-4778-A102-0057A88551C3}.Release|Any CPU.ActiveCfg = Release|Any CPU
		{E33EE719-53E1-4778-A102-0057A88551C3}.Release|Any CPU.Build.0 = Release|Any CPU
		{9D050160-B80F-49B4-A21B-FAF5C544F3F5}.Debug|Any CPU.ActiveCfg = Debug|Any CPU
		{9D050160-B80F-49B4-A21B-FAF5C544F3F5}.Debug|Any CPU.Build.0 = Debug|Any CPU
		{9D050160-B80F-49B4-A21B-FAF5C544F3F5}.Release|Any CPU.ActiveCfg = Release|Any CPU
		{9D050160-B80F-49B4-A21B-FAF5C544F3F5}.Release|Any CPU.Build.0 = Release|Any CPU
		{C83BC6D0-9C77-4716-ABC7-FB3CBB6B30CB}.Debug|Any CPU.ActiveCfg = Debug|Any CPU
		{C83BC6D0-9C77-4716-ABC7-FB3CBB6B30CB}.Debug|Any CPU.Build.0 = Debug|Any CPU
		{C83BC6D0-9C77-4716-ABC7-FB3CBB6B30CB}.Release|Any CPU.ActiveCfg = Release|Any CPU
		{C83BC6D0-9C77-4716-ABC7-FB3CBB6B30CB}.Release|Any CPU.Build.0 = Release|Any CPU
		{3DE797B1-24BE-4239-82C0-35B9F785A886}.Debug|Any CPU.ActiveCfg = Debug|Any CPU
		{3DE797B1-24BE-4239-82C0-35B9F785A886}.Debug|Any CPU.Build.0 = Debug|Any CPU
		{3DE797B1-24BE-4239-82C0-35B9F785A886}.Release|Any CPU.ActiveCfg = Release|Any CPU
		{3DE797B1-24BE-4239-82C0-35B9F785A886}.Release|Any CPU.Build.0 = Release|Any CPU
	EndGlobalSection
	GlobalSection(SolutionProperties) = preSolution
		HideSolutionNode = FALSE
	EndGlobalSection
	GlobalSection(ExtensibilityGlobals) = postSolution
		SolutionGuid = {EAC17CF5-3AB3-4E89-BD90-AD23745FDBCA}
	EndGlobalSection
EndGlobal
