
Microsoft Visual Studio Solution File, Format Version 12.00
# Visual Studio Version 16
VisualStudioVersion = 16.0.29613.14
MinimumVisualStudioVersion = 10.0.40219.1
Project("{9A19103F-16F7-4668-BE54-9A1E7A4F7556}") = "_01", "_01\_01.csproj", "{99BF85DB-1AE6-442C-875B-220D7E9663FA}"
EndProject
Project("{9A19103F-16F7-4668-BE54-9A1E7A4F7556}") = "_02", "_02\_02.csproj", "{2BA02832-C1EB-4AD5-8CF9-0A604B255299}"
EndProject
Project("{9A19103F-16F7-4668-BE54-9A1E7A4F7556}") = "_03", "_03\_03.csproj", "{253DA101-2476-41C0-B05A-FE3552B5E543}"
EndProject
Project("{9A19103F-16F7-4668-BE54-9A1E7A4F7556}") = "_04", "_04\_04.csproj", "{503512CA-1EBB-49E8-A020-6F34EF90338B}"
EndProject
Project("{9A19103F-16F7-4668-BE54-9A1E7A4F7556}") = "_06", "_06\_06.csproj", "{7C20F811-1F54-42C5-B4FD-D78C3681EEE4}"
EndProject
Project("{9A19103F-16F7-4668-BE54-9A1E7A4F7556}") = "_07", "_07\_07.csproj", "{61004E03-1E20-4ECE-8D9C-6B3CB534C04A}"
EndProject
Project("{9A19103F-16F7-4668-BE54-9A1E7A4F7556}") = "_08", "_08\_08.csproj", "{B0FA6BE8-7495-4F71-A1A5-5A0DD06C03A7}"
EndProject
Project("{9A19103F-16F7-4668-BE54-9A1E7A4F7556}") = "_09", "_09\_09.csproj", "{E2D098C4-6194-42B8-B26C-CF45DD165CE6}"
EndProject
Project("{9A19103F-16F7-4668-BE54-9A1E7A4F7556}") = "_10", "_10\_10.csproj", "{091DA881-F1E4-4D20-91D8-C937E174D59B}"
EndProject
Project("{9A19103F-16F7-4668-BE54-9A1E7A4F7556}") = "_11", "_11\_11.csproj", "{29DF5E61-6C67-48D3-A88E-A7EDD6C2D12E}"
EndProject
Project("{9A19103F-16F7-4668-BE54-9A1E7A4F7556}") = "_12", "_12\_12.csproj", "{970F20F8-1A4A-4C67-AFC7-BDBE16D4D48F}"
EndProject
Project("{9A19103F-16F7-4668-BE54-9A1E7A4F7556}") = "_13", "_13\_13.csproj", "{0F2DA5FC-3E81-4964-8E82-9BC405E59387}"
EndProject
Project("{9A19103F-16F7-4668-BE54-9A1E7A4F7556}") = "_14", "_14\_14.csproj", "{7B01AE47-1B6F-4AD6-BDEC-468719641B6A}"
EndProject
Project("{9A19103F-16F7-4668-BE54-9A1E7A4F7556}") = "_16", "_16\_16.csproj", "{05ED7EE7-41DB-4CA6-B5E1-D578E32273DC}"
EndProject
Project("{FAE04EC0-301F-11D3-BF4B-00C04F79EFBC}") = "_17", "_17\_17.csproj", "{72C25C7A-2E80-42BA-997E-8EDAE3A2A5F7}"
EndProject
Project("{FAE04EC0-301F-11D3-BF4B-00C04F79EFBC}") = "_18", "_18\_18.csproj", "{739CE817-C271-400C-9A54-25E5953FCE0C}"
EndProject
Project("{FAE04EC0-301F-11D3-BF4B-00C04F79EFBC}") = "_19", "_19\_19.csproj", "{7311655D-9209-4E36-9F94-B163B01D4F10}"
EndProject
Project("{FAE04EC0-301F-11D3-BF4B-00C04F79EFBC}") = "_20", "_20\_20.csproj", "{50AB2F86-F23A-496D-A821-0D855368BF72}"
EndProject
Project("{FAE04EC0-301F-11D3-BF4B-00C04F79EFBC}") = "_22", "_22\_22.csproj", "{233FE482-057A-4642-A8D2-E0EBA61E9923}"
EndProject
Project("{FAE04EC0-301F-11D3-BF4B-00C04F79EFBC}") = "_23", "_23\_23.csproj", "{EC1EB42C-E2CA-4CEE-AEBD-642FD8D21AE7}"
EndProject
Global
	GlobalSection(SolutionConfigurationPlatforms) = preSolution
		Debug|Any CPU = Debug|Any CPU
		Release|Any CPU = Release|Any CPU
	EndGlobalSection
	GlobalSection(ProjectConfigurationPlatforms) = postSolution
		{99BF85DB-1AE6-442C-875B-220D7E9663FA}.Debug|Any CPU.ActiveCfg = Debug|Any CPU
		{99BF85DB-1AE6-442C-875B-220D7E9663FA}.Debug|Any CPU.Build.0 = Debug|Any CPU
		{99BF85DB-1AE6-442C-875B-220D7E9663FA}.Release|Any CPU.ActiveCfg = Release|Any CPU
		{99BF85DB-1AE6-442C-875B-220D7E9663FA}.Release|Any CPU.Build.0 = Release|Any CPU
		{2BA02832-C1EB-4AD5-8CF9-0A604B255299}.Debug|Any CPU.ActiveCfg = Debug|Any CPU
		{2BA02832-C1EB-4AD5-8CF9-0A604B255299}.Debug|Any CPU.Build.0 = Debug|Any CPU
		{2BA02832-C1EB-4AD5-8CF9-0A604B255299}.Release|Any CPU.ActiveCfg = Release|Any CPU
		{2BA02832-C1EB-4AD5-8CF9-0A604B255299}.Release|Any CPU.Build.0 = Release|Any CPU
		{253DA101-2476-41C0-B05A-FE3552B5E543}.Debug|Any CPU.ActiveCfg = Debug|Any CPU
		{253DA101-2476-41C0-B05A-FE3552B5E543}.Debug|Any CPU.Build.0 = Debug|Any CPU
		{253DA101-2476-41C0-B05A-FE3552B5E543}.Release|Any CPU.ActiveCfg = Release|Any CPU
		{253DA101-2476-41C0-B05A-FE3552B5E543}.Release|Any CPU.Build.0 = Release|Any CPU
		{503512CA-1EBB-49E8-A020-6F34EF90338B}.Debug|Any CPU.ActiveCfg = Debug|Any CPU
		{503512CA-1EBB-49E8-A020-6F34EF90338B}.Debug|Any CPU.Build.0 = Debug|Any CPU
		{503512CA-1EBB-49E8-A020-6F34EF90338B}.Release|Any CPU.ActiveCfg = Release|Any CPU
		{503512CA-1EBB-49E8-A020-6F34EF90338B}.Release|Any CPU.Build.0 = Release|Any CPU
		{7C20F811-1F54-42C5-B4FD-D78C3681EEE4}.Debug|Any CPU.ActiveCfg = Debug|Any CPU
		{7C20F811-1F54-42C5-B4FD-D78C3681EEE4}.Debug|Any CPU.Build.0 = Debug|Any CPU
		{7C20F811-1F54-42C5-B4FD-D78C3681EEE4}.Release|Any CPU.ActiveCfg = Release|Any CPU
		{7C20F811-1F54-42C5-B4FD-D78C3681EEE4}.Release|Any CPU.Build.0 = Release|Any CPU
		{61004E03-1E20-4ECE-8D9C-6B3CB534C04A}.Debug|Any CPU.ActiveCfg = Debug|Any CPU
		{61004E03-1E20-4ECE-8D9C-6B3CB534C04A}.Debug|Any CPU.Build.0 = Debug|Any CPU
		{61004E03-1E20-4ECE-8D9C-6B3CB534C04A}.Release|Any CPU.ActiveCfg = Release|Any CPU
		{61004E03-1E20-4ECE-8D9C-6B3CB534C04A}.Release|Any CPU.Build.0 = Release|Any CPU
		{B0FA6BE8-7495-4F71-A1A5-5A0DD06C03A7}.Debug|Any CPU.ActiveCfg = Debug|Any CPU
		{B0FA6BE8-7495-4F71-A1A5-5A0DD06C03A7}.Debug|Any CPU.Build.0 = Debug|Any CPU
		{B0FA6BE8-7495-4F71-A1A5-5A0DD06C03A7}.Release|Any CPU.ActiveCfg = Release|Any CPU
		{B0FA6BE8-7495-4F71-A1A5-5A0DD06C03A7}.Release|Any CPU.Build.0 = Release|Any CPU
		{E2D098C4-6194-42B8-B26C-CF45DD165CE6}.Debug|Any CPU.ActiveCfg = Debug|Any CPU
		{E2D098C4-6194-42B8-B26C-CF45DD165CE6}.Debug|Any CPU.Build.0 = Debug|Any CPU
		{E2D098C4-6194-42B8-B26C-CF45DD165CE6}.Release|Any CPU.ActiveCfg = Release|Any CPU
		{E2D098C4-6194-42B8-B26C-CF45DD165CE6}.Release|Any CPU.Build.0 = Release|Any CPU
		{091DA881-F1E4-4D20-91D8-C937E174D59B}.Debug|Any CPU.ActiveCfg = Debug|Any CPU
		{091DA881-F1E4-4D20-91D8-C937E174D59B}.Debug|Any CPU.Build.0 = Debug|Any CPU
		{091DA881-F1E4-4D20-91D8-C937E174D59B}.Release|Any CPU.ActiveCfg = Release|Any CPU
		{091DA881-F1E4-4D20-91D8-C937E174D59B}.Release|Any CPU.Build.0 = Release|Any CPU
		{29DF5E61-6C67-48D3-A88E-A7EDD6C2D12E}.Debug|Any CPU.ActiveCfg = Debug|Any CPU
		{29DF5E61-6C67-48D3-A88E-A7EDD6C2D12E}.Debug|Any CPU.Build.0 = Debug|Any CPU
		{29DF5E61-6C67-48D3-A88E-A7EDD6C2D12E}.Release|Any CPU.ActiveCfg = Release|Any CPU
		{29DF5E61-6C67-48D3-A88E-A7EDD6C2D12E}.Release|Any CPU.Build.0 = Release|Any CPU
		{970F20F8-1A4A-4C67-AFC7-BDBE16D4D48F}.Debug|Any CPU.ActiveCfg = Debug|Any CPU
		{970F20F8-1A4A-4C67-AFC7-BDBE16D4D48F}.Debug|Any CPU.Build.0 = Debug|Any CPU
		{970F20F8-1A4A-4C67-AFC7-BDBE16D4D48F}.Release|Any CPU.ActiveCfg = Release|Any CPU
		{970F20F8-1A4A-4C67-AFC7-BDBE16D4D48F}.Release|Any CPU.Build.0 = Release|Any CPU
		{0F2DA5FC-3E81-4964-8E82-9BC405E59387}.Debug|Any CPU.ActiveCfg = Debug|Any CPU
		{0F2DA5FC-3E81-4964-8E82-9BC405E59387}.Debug|Any CPU.Build.0 = Debug|Any CPU
		{0F2DA5FC-3E81-4964-8E82-9BC405E59387}.Release|Any CPU.ActiveCfg = Release|Any CPU
		{0F2DA5FC-3E81-4964-8E82-9BC405E59387}.Release|Any CPU.Build.0 = Release|Any CPU
		{7B01AE47-1B6F-4AD6-BDEC-468719641B6A}.Debug|Any CPU.ActiveCfg = Debug|Any CPU
		{7B01AE47-1B6F-4AD6-BDEC-468719641B6A}.Debug|Any CPU.Build.0 = Debug|Any CPU
		{7B01AE47-1B6F-4AD6-BDEC-468719641B6A}.Release|Any CPU.ActiveCfg = Release|Any CPU
		{7B01AE47-1B6F-4AD6-BDEC-468719641B6A}.Release|Any CPU.Build.0 = Release|Any CPU
		{05ED7EE7-41DB-4CA6-B5E1-D578E32273DC}.Debug|Any CPU.ActiveCfg = Debug|Any CPU
		{05ED7EE7-41DB-4CA6-B5E1-D578E32273DC}.Debug|Any CPU.Build.0 = Debug|Any CPU
		{05ED7EE7-41DB-4CA6-B5E1-D578E32273DC}.Release|Any CPU.ActiveCfg = Release|Any CPU
		{05ED7EE7-41DB-4CA6-B5E1-D578E32273DC}.Release|Any CPU.Build.0 = Release|Any CPU
		{72C25C7A-2E80-42BA-997E-8EDAE3A2A5F7}.Debug|Any CPU.ActiveCfg = Debug|Any CPU
		{72C25C7A-2E80-42BA-997E-8EDAE3A2A5F7}.Debug|Any CPU.Build.0 = Debug|Any CPU
		{72C25C7A-2E80-42BA-997E-8EDAE3A2A5F7}.Release|Any CPU.ActiveCfg = Release|Any CPU
		{72C25C7A-2E80-42BA-997E-8EDAE3A2A5F7}.Release|Any CPU.Build.0 = Release|Any CPU
		{739CE817-C271-400C-9A54-25E5953FCE0C}.Debug|Any CPU.ActiveCfg = Debug|Any CPU
		{739CE817-C271-400C-9A54-25E5953FCE0C}.Debug|Any CPU.Build.0 = Debug|Any CPU
		{739CE817-C271-400C-9A54-25E5953FCE0C}.Release|Any CPU.ActiveCfg = Release|Any CPU
		{739CE817-C271-400C-9A54-25E5953FCE0C}.Release|Any CPU.Build.0 = Release|Any CPU
		{7311655D-9209-4E36-9F94-B163B01D4F10}.Debug|Any CPU.ActiveCfg = Debug|Any CPU
		{7311655D-9209-4E36-9F94-B163B01D4F10}.Debug|Any CPU.Build.0 = Debug|Any CPU
		{7311655D-9209-4E36-9F94-B163B01D4F10}.Release|Any CPU.ActiveCfg = Release|Any CPU
		{7311655D-9209-4E36-9F94-B163B01D4F10}.Release|Any CPU.Build.0 = Release|Any CPU
		{50AB2F86-F23A-496D-A821-0D855368BF72}.Debug|Any CPU.ActiveCfg = Debug|Any CPU
		{50AB2F86-F23A-496D-A821-0D855368BF72}.Debug|Any CPU.Build.0 = Debug|Any CPU
		{50AB2F86-F23A-496D-A821-0D855368BF72}.Release|Any CPU.ActiveCfg = Release|Any CPU
		{50AB2F86-F23A-496D-A821-0D855368BF72}.Release|Any CPU.Build.0 = Release|Any CPU
		{233FE482-057A-4642-A8D2-E0EBA61E9923}.Debug|Any CPU.ActiveCfg = Debug|Any CPU
		{233FE482-057A-4642-A8D2-E0EBA61E9923}.Debug|Any CPU.Build.0 = Debug|Any CPU
		{233FE482-057A-4642-A8D2-E0EBA61E9923}.Release|Any CPU.ActiveCfg = Release|Any CPU
		{233FE482-057A-4642-A8D2-E0EBA61E9923}.Release|Any CPU.Build.0 = Release|Any CPU
		{EC1EB42C-E2CA-4CEE-AEBD-642FD8D21AE7}.Debug|Any CPU.ActiveCfg = Debug|Any CPU
		{EC1EB42C-E2CA-4CEE-AEBD-642FD8D21AE7}.Debug|Any CPU.Build.0 = Debug|Any CPU
		{EC1EB42C-E2CA-4CEE-AEBD-642FD8D21AE7}.Release|Any CPU.ActiveCfg = Release|Any CPU
		{EC1EB42C-E2CA-4CEE-AEBD-642FD8D21AE7}.Release|Any CPU.Build.0 = Release|Any CPU
	EndGlobalSection
	GlobalSection(SolutionProperties) = preSolution
		HideSolutionNode = FALSE
	EndGlobalSection
	GlobalSection(ExtensibilityGlobals) = postSolution
		SolutionGuid = {36D36219-598C-4DD2-86FC-EC54229926AF}
	EndGlobalSection
EndGlobal
