
Microsoft Visual Studio Solution File, Format Version 12.00
# Visual Studio Version 16
VisualStudioVersion = 16.0.29613.14
MinimumVisualStudioVersion = 10.0.40219.1
Project("{9A19103F-16F7-4668-BE54-9A1E7A4F7556}") = "_01", "_01\_01.csproj", "{0F9201A4-8D81-4E63-B926-771394FE38F3}"
EndProject
Project("{9A19103F-16F7-4668-BE54-9A1E7A4F7556}") = "_02", "_02\_02.csproj", "{E1E4845C-41B3-4A0D-B35F-0634838C2C39}"
EndProject
Project("{9A19103F-16F7-4668-BE54-9A1E7A4F7556}") = "_03", "_03\_03.csproj", "{DB2D9BCE-F2F1-47C7-A2D4-7AB3C26CE3F9}"
EndProject
Project("{9A19103F-16F7-4668-BE54-9A1E7A4F7556}") = "_04", "_04\_04.csproj", "{8F156544-3747-4EE6-BE4A-4B2BE28FC8C1}"
EndProject
Project("{9A19103F-16F7-4668-BE54-9A1E7A4F7556}") = "_05", "_05\_05.csproj", "{A3B702B6-0F60-481C-BE24-783A38AAC6E6}"
EndProject
Project("{9A19103F-16F7-4668-BE54-9A1E7A4F7556}") = "_06", "_06\_06.csproj", "{FC27A4A0-6E04-4410-AAD8-DFB7FBBAD12E}"
EndProject
Project("{9A19103F-16F7-4668-BE54-9A1E7A4F7556}") = "_07", "_07\_07.csproj", "{BF24FC9A-0D94-4B6A-98C5-7AFAC68AB8A5}"
EndProject
Project("{9A19103F-16F7-4668-BE54-9A1E7A4F7556}") = "_08", "_08\_08.csproj", "{28959236-6513-4619-BB86-F7B45B1BD7EC}"
EndProject
Project("{9A19103F-16F7-4668-BE54-9A1E7A4F7556}") = "_09", "_09\_09.csproj", "{FC8174CC-7AAD-4C14-930D-0DE5D1F2DEC0}"
EndProject
Project("{9A19103F-16F7-4668-BE54-9A1E7A4F7556}") = "_10", "_10\_10.csproj", "{15D5C5E2-6E77-4536-B770-E57473CAC1A3}"
EndProject
Project("{9A19103F-16F7-4668-BE54-9A1E7A4F7556}") = "_11", "_11\_11.csproj", "{9BD41CD8-514D-47DC-BCA7-10B6EFE20598}"
EndProject
Project("{9A19103F-16F7-4668-BE54-9A1E7A4F7556}") = "_12", "_12\_12.csproj", "{4424F1A3-A1C6-47D4-9293-1E85BD223FCC}"
EndProject
Project("{9A19103F-16F7-4668-BE54-9A1E7A4F7556}") = "_13", "_13\_13.csproj", "{2178EABD-0464-498A-AEEF-0AB93AA858F2}"
EndProject
Project("{9A19103F-16F7-4668-BE54-9A1E7A4F7556}") = "_14", "_14\_14.csproj", "{A28D6555-9294-4567-899A-F37395043E39}"
EndProject
Project("{9A19103F-16F7-4668-BE54-9A1E7A4F7556}") = "_15", "_15\_15.csproj", "{7C3C1702-5AA0-41C4-939C-944E1DF84C1E}"
EndProject
Project("{FAE04EC0-301F-11D3-BF4B-00C04F79EFBC}") = "_16", "_16\_16.csproj", "{2510B079-6E58-49BF-9A11-929CCBAA95EE}"
EndProject
Project("{FAE04EC0-301F-11D3-BF4B-00C04F79EFBC}") = "_17", "_17\_17.csproj", "{F45F94BC-EF67-49FC-A6C7-671398B5ED6D}"
EndProject
Project("{FAE04EC0-301F-11D3-BF4B-00C04F79EFBC}") = "_18", "_18\_18.csproj", "{0F2DB1CA-7F22-441E-9C6C-F401E6AB1BE9}"
EndProject
Project("{FAE04EC0-301F-11D3-BF4B-00C04F79EFBC}") = "_19", "_19\_19.csproj", "{6ED632E0-B9FD-4749-9347-37D24BB93D03}"
EndProject
Project("{FAE04EC0-301F-11D3-BF4B-00C04F79EFBC}") = "_20", "_20\_20.csproj", "{09E74CA3-8180-46A5-AE8D-242FF6FE6164}"
EndProject
Project("{FAE04EC0-301F-11D3-BF4B-00C04F79EFBC}") = "_21", "_21\_21.csproj", "{F57C9BAB-4DE1-4AF0-9FED-8F31CF2A5F06}"
EndProject
Project("{FAE04EC0-301F-11D3-BF4B-00C04F79EFBC}") = "_22", "_22\_22.csproj", "{11388EAE-7D26-4A77-A1F0-F49BCB9502CB}"
EndProject
Project("{FAE04EC0-301F-11D3-BF4B-00C04F79EFBC}") = "_23", "_23\_23.csproj", "{861FF890-7F5A-4227-9B52-2474F7D59DE2}"
EndProject
Project("{FAE04EC0-301F-11D3-BF4B-00C04F79EFBC}") = "_24", "_24\_24.csproj", "{DEEF577F-A485-4E18-A102-15157787405B}"
EndProject
Project("{FAE04EC0-301F-11D3-BF4B-00C04F79EFBC}") = "_25", "_25\_25.csproj", "{DA832A02-0203-4ACF-A329-27077405531F}"
EndProject
Project("{FAE04EC0-301F-11D3-BF4B-00C04F79EFBC}") = "_26", "_26\_26.csproj", "{987B486F-95B3-482C-9AD3-6E7A0617DECE}"
EndProject
Project("{FAE04EC0-301F-11D3-BF4B-00C04F79EFBC}") = "_27", "_27\_27.csproj", "{265C771D-CC6C-4B57-9BFF-27A95FB291E1}"
EndProject
Project("{FAE04EC0-301F-11D3-BF4B-00C04F79EFBC}") = "_28", "_28\_28.csproj", "{73DDA506-E7DC-444E-8250-7E7B771D40EE}"
EndProject
Global
	GlobalSection(SolutionConfigurationPlatforms) = preSolution
		Debug|Any CPU = Debug|Any CPU
		Release|Any CPU = Release|Any CPU
	EndGlobalSection
	GlobalSection(ProjectConfigurationPlatforms) = postSolution
		{0F9201A4-8D81-4E63-B926-771394FE38F3}.Debug|Any CPU.ActiveCfg = Debug|Any CPU
		{0F9201A4-8D81-4E63-B926-771394FE38F3}.Debug|Any CPU.Build.0 = Debug|Any CPU
		{0F9201A4-8D81-4E63-B926-771394FE38F3}.Release|Any CPU.ActiveCfg = Release|Any CPU
		{0F9201A4-8D81-4E63-B926-771394FE38F3}.Release|Any CPU.Build.0 = Release|Any CPU
		{E1E4845C-41B3-4A0D-B35F-0634838C2C39}.Debug|Any CPU.ActiveCfg = Debug|Any CPU
		{E1E4845C-41B3-4A0D-B35F-0634838C2C39}.Debug|Any CPU.Build.0 = Debug|Any CPU
		{E1E4845C-41B3-4A0D-B35F-0634838C2C39}.Release|Any CPU.ActiveCfg = Release|Any CPU
		{E1E4845C-41B3-4A0D-B35F-0634838C2C39}.Release|Any CPU.Build.0 = Release|Any CPU
		{DB2D9BCE-F2F1-47C7-A2D4-7AB3C26CE3F9}.Debug|Any CPU.ActiveCfg = Debug|Any CPU
		{DB2D9BCE-F2F1-47C7-A2D4-7AB3C26CE3F9}.Debug|Any CPU.Build.0 = Debug|Any CPU
		{DB2D9BCE-F2F1-47C7-A2D4-7AB3C26CE3F9}.Release|Any CPU.ActiveCfg = Release|Any CPU
		{DB2D9BCE-F2F1-47C7-A2D4-7AB3C26CE3F9}.Release|Any CPU.Build.0 = Release|Any CPU
		{8F156544-3747-4EE6-BE4A-4B2BE28FC8C1}.Debug|Any CPU.ActiveCfg = Debug|Any CPU
		{8F156544-3747-4EE6-BE4A-4B2BE28FC8C1}.Debug|Any CPU.Build.0 = Debug|Any CPU
		{8F156544-3747-4EE6-BE4A-4B2BE28FC8C1}.Release|Any CPU.ActiveCfg = Release|Any CPU
		{8F156544-3747-4EE6-BE4A-4B2BE28FC8C1}.Release|Any CPU.Build.0 = Release|Any CPU
		{A3B702B6-0F60-481C-BE24-783A38AAC6E6}.Debug|Any CPU.ActiveCfg = Debug|Any CPU
		{A3B702B6-0F60-481C-BE24-783A38AAC6E6}.Debug|Any CPU.Build.0 = Debug|Any CPU
		{A3B702B6-0F60-481C-BE24-783A38AAC6E6}.Release|Any CPU.ActiveCfg = Release|Any CPU
		{A3B702B6-0F60-481C-BE24-783A38AAC6E6}.Release|Any CPU.Build.0 = Release|Any CPU
		{FC27A4A0-6E04-4410-AAD8-DFB7FBBAD12E}.Debug|Any CPU.ActiveCfg = Debug|Any CPU
		{FC27A4A0-6E04-4410-AAD8-DFB7FBBAD12E}.Debug|Any CPU.Build.0 = Debug|Any CPU
		{FC27A4A0-6E04-4410-AAD8-DFB7FBBAD12E}.Release|Any CPU.ActiveCfg = Release|Any CPU
		{FC27A4A0-6E04-4410-AAD8-DFB7FBBAD12E}.Release|Any CPU.Build.0 = Release|Any CPU
		{BF24FC9A-0D94-4B6A-98C5-7AFAC68AB8A5}.Debug|Any CPU.ActiveCfg = Debug|Any CPU
		{BF24FC9A-0D94-4B6A-98C5-7AFAC68AB8A5}.Debug|Any CPU.Build.0 = Debug|Any CPU
		{BF24FC9A-0D94-4B6A-98C5-7AFAC68AB8A5}.Release|Any CPU.ActiveCfg = Release|Any CPU
		{BF24FC9A-0D94-4B6A-98C5-7AFAC68AB8A5}.Release|Any CPU.Build.0 = Release|Any CPU
		{28959236-6513-4619-BB86-F7B45B1BD7EC}.Debug|Any CPU.ActiveCfg = Debug|Any CPU
		{28959236-6513-4619-BB86-F7B45B1BD7EC}.Debug|Any CPU.Build.0 = Debug|Any CPU
		{28959236-6513-4619-BB86-F7B45B1BD7EC}.Release|Any CPU.ActiveCfg = Release|Any CPU
		{28959236-6513-4619-BB86-F7B45B1BD7EC}.Release|Any CPU.Build.0 = Release|Any CPU
		{FC8174CC-7AAD-4C14-930D-0DE5D1F2DEC0}.Debug|Any CPU.ActiveCfg = Debug|Any CPU
		{FC8174CC-7AAD-4C14-930D-0DE5D1F2DEC0}.Debug|Any CPU.Build.0 = Debug|Any CPU
		{FC8174CC-7AAD-4C14-930D-0DE5D1F2DEC0}.Release|Any CPU.ActiveCfg = Release|Any CPU
		{FC8174CC-7AAD-4C14-930D-0DE5D1F2DEC0}.Release|Any CPU.Build.0 = Release|Any CPU
		{15D5C5E2-6E77-4536-B770-E57473CAC1A3}.Debug|Any CPU.ActiveCfg = Debug|Any CPU
		{15D5C5E2-6E77-4536-B770-E57473CAC1A3}.Debug|Any CPU.Build.0 = Debug|Any CPU
		{15D5C5E2-6E77-4536-B770-E57473CAC1A3}.Release|Any CPU.ActiveCfg = Release|Any CPU
		{15D5C5E2-6E77-4536-B770-E57473CAC1A3}.Release|Any CPU.Build.0 = Release|Any CPU
		{9BD41CD8-514D-47DC-BCA7-10B6EFE20598}.Debug|Any CPU.ActiveCfg = Debug|Any CPU
		{9BD41CD8-514D-47DC-BCA7-10B6EFE20598}.Debug|Any CPU.Build.0 = Debug|Any CPU
		{9BD41CD8-514D-47DC-BCA7-10B6EFE20598}.Release|Any CPU.ActiveCfg = Release|Any CPU
		{9BD41CD8-514D-47DC-BCA7-10B6EFE20598}.Release|Any CPU.Build.0 = Release|Any CPU
		{4424F1A3-A1C6-47D4-9293-1E85BD223FCC}.Debug|Any CPU.ActiveCfg = Debug|Any CPU
		{4424F1A3-A1C6-47D4-9293-1E85BD223FCC}.Debug|Any CPU.Build.0 = Debug|Any CPU
		{4424F1A3-A1C6-47D4-9293-1E85BD223FCC}.Release|Any CPU.ActiveCfg = Release|Any CPU
		{4424F1A3-A1C6-47D4-9293-1E85BD223FCC}.Release|Any CPU.Build.0 = Release|Any CPU
		{2178EABD-0464-498A-AEEF-0AB93AA858F2}.Debug|Any CPU.ActiveCfg = Debug|Any CPU
		{2178EABD-0464-498A-AEEF-0AB93AA858F2}.Debug|Any CPU.Build.0 = Debug|Any CPU
		{2178EABD-0464-498A-AEEF-0AB93AA858F2}.Release|Any CPU.ActiveCfg = Release|Any CPU
		{2178EABD-0464-498A-AEEF-0AB93AA858F2}.Release|Any CPU.Build.0 = Release|Any CPU
		{A28D6555-9294-4567-899A-F37395043E39}.Debug|Any CPU.ActiveCfg = Debug|Any CPU
		{A28D6555-9294-4567-899A-F37395043E39}.Debug|Any CPU.Build.0 = Debug|Any CPU
		{A28D6555-9294-4567-899A-F37395043E39}.Release|Any CPU.ActiveCfg = Release|Any CPU
		{A28D6555-9294-4567-899A-F37395043E39}.Release|Any CPU.Build.0 = Release|Any CPU
		{7C3C1702-5AA0-41C4-939C-944E1DF84C1E}.Debug|Any CPU.ActiveCfg = Debug|Any CPU
		{7C3C1702-5AA0-41C4-939C-944E1DF84C1E}.Debug|Any CPU.Build.0 = Debug|Any CPU
		{7C3C1702-5AA0-41C4-939C-944E1DF84C1E}.Release|Any CPU.ActiveCfg = Release|Any CPU
		{7C3C1702-5AA0-41C4-939C-944E1DF84C1E}.Release|Any CPU.Build.0 = Release|Any CPU
		{2510B079-6E58-49BF-9A11-929CCBAA95EE}.Debug|Any CPU.ActiveCfg = Debug|Any CPU
		{2510B079-6E58-49BF-9A11-929CCBAA95EE}.Debug|Any CPU.Build.0 = Debug|Any CPU
		{2510B079-6E58-49BF-9A11-929CCBAA95EE}.Release|Any CPU.ActiveCfg = Release|Any CPU
		{2510B079-6E58-49BF-9A11-929CCBAA95EE}.Release|Any CPU.Build.0 = Release|Any CPU
		{F45F94BC-EF67-49FC-A6C7-671398B5ED6D}.Debug|Any CPU.ActiveCfg = Debug|Any CPU
		{F45F94BC-EF67-49FC-A6C7-671398B5ED6D}.Debug|Any CPU.Build.0 = Debug|Any CPU
		{F45F94BC-EF67-49FC-A6C7-671398B5ED6D}.Release|Any CPU.ActiveCfg = Release|Any CPU
		{F45F94BC-EF67-49FC-A6C7-671398B5ED6D}.Release|Any CPU.Build.0 = Release|Any CPU
		{0F2DB1CA-7F22-441E-9C6C-F401E6AB1BE9}.Debug|Any CPU.ActiveCfg = Debug|Any CPU
		{0F2DB1CA-7F22-441E-9C6C-F401E6AB1BE9}.Debug|Any CPU.Build.0 = Debug|Any CPU
		{0F2DB1CA-7F22-441E-9C6C-F401E6AB1BE9}.Release|Any CPU.ActiveCfg = Release|Any CPU
		{0F2DB1CA-7F22-441E-9C6C-F401E6AB1BE9}.Release|Any CPU.Build.0 = Release|Any CPU
		{6ED632E0-B9FD-4749-9347-37D24BB93D03}.Debug|Any CPU.ActiveCfg = Debug|Any CPU
		{6ED632E0-B9FD-4749-9347-37D24BB93D03}.Debug|Any CPU.Build.0 = Debug|Any CPU
		{6ED632E0-B9FD-4749-9347-37D24BB93D03}.Release|Any CPU.ActiveCfg = Release|Any CPU
		{6ED632E0-B9FD-4749-9347-37D24BB93D03}.Release|Any CPU.Build.0 = Release|Any CPU
		{09E74CA3-8180-46A5-AE8D-242FF6FE6164}.Debug|Any CPU.ActiveCfg = Debug|Any CPU
		{09E74CA3-8180-46A5-AE8D-242FF6FE6164}.Debug|Any CPU.Build.0 = Debug|Any CPU
		{09E74CA3-8180-46A5-AE8D-242FF6FE6164}.Release|Any CPU.ActiveCfg = Release|Any CPU
		{09E74CA3-8180-46A5-AE8D-242FF6FE6164}.Release|Any CPU.Build.0 = Release|Any CPU
		{F57C9BAB-4DE1-4AF0-9FED-8F31CF2A5F06}.Debug|Any CPU.ActiveCfg = Debug|Any CPU
		{F57C9BAB-4DE1-4AF0-9FED-8F31CF2A5F06}.Debug|Any CPU.Build.0 = Debug|Any CPU
		{F57C9BAB-4DE1-4AF0-9FED-8F31CF2A5F06}.Release|Any CPU.ActiveCfg = Release|Any CPU
		{F57C9BAB-4DE1-4AF0-9FED-8F31CF2A5F06}.Release|Any CPU.Build.0 = Release|Any CPU
		{11388EAE-7D26-4A77-A1F0-F49BCB9502CB}.Debug|Any CPU.ActiveCfg = Debug|Any CPU
		{11388EAE-7D26-4A77-A1F0-F49BCB9502CB}.Debug|Any CPU.Build.0 = Debug|Any CPU
		{11388EAE-7D26-4A77-A1F0-F49BCB9502CB}.Release|Any CPU.ActiveCfg = Release|Any CPU
		{11388EAE-7D26-4A77-A1F0-F49BCB9502CB}.Release|Any CPU.Build.0 = Release|Any CPU
		{861FF890-7F5A-4227-9B52-2474F7D59DE2}.Debug|Any CPU.ActiveCfg = Debug|Any CPU
		{861FF890-7F5A-4227-9B52-2474F7D59DE2}.Debug|Any CPU.Build.0 = Debug|Any CPU
		{861FF890-7F5A-4227-9B52-2474F7D59DE2}.Release|Any CPU.ActiveCfg = Release|Any CPU
		{861FF890-7F5A-4227-9B52-2474F7D59DE2}.Release|Any CPU.Build.0 = Release|Any CPU
		{DEEF577F-A485-4E18-A102-15157787405B}.Debug|Any CPU.ActiveCfg = Debug|Any CPU
		{DEEF577F-A485-4E18-A102-15157787405B}.Debug|Any CPU.Build.0 = Debug|Any CPU
		{DEEF577F-A485-4E18-A102-15157787405B}.Release|Any CPU.ActiveCfg = Release|Any CPU
		{DEEF577F-A485-4E18-A102-15157787405B}.Release|Any CPU.Build.0 = Release|Any CPU
		{DA832A02-0203-4ACF-A329-27077405531F}.Debug|Any CPU.ActiveCfg = Debug|Any CPU
		{DA832A02-0203-4ACF-A329-27077405531F}.Debug|Any CPU.Build.0 = Debug|Any CPU
		{DA832A02-0203-4ACF-A329-27077405531F}.Release|Any CPU.ActiveCfg = Release|Any CPU
		{DA832A02-0203-4ACF-A329-27077405531F}.Release|Any CPU.Build.0 = Release|Any CPU
		{987B486F-95B3-482C-9AD3-6E7A0617DECE}.Debug|Any CPU.ActiveCfg = Debug|Any CPU
		{987B486F-95B3-482C-9AD3-6E7A0617DECE}.Debug|Any CPU.Build.0 = Debug|Any CPU
		{987B486F-95B3-482C-9AD3-6E7A0617DECE}.Release|Any CPU.ActiveCfg = Release|Any CPU
		{987B486F-95B3-482C-9AD3-6E7A0617DECE}.Release|Any CPU.Build.0 = Release|Any CPU
		{265C771D-CC6C-4B57-9BFF-27A95FB291E1}.Debug|Any CPU.ActiveCfg = Debug|Any CPU
		{265C771D-CC6C-4B57-9BFF-27A95FB291E1}.Debug|Any CPU.Build.0 = Debug|Any CPU
		{265C771D-CC6C-4B57-9BFF-27A95FB291E1}.Release|Any CPU.ActiveCfg = Release|Any CPU
		{265C771D-CC6C-4B57-9BFF-27A95FB291E1}.Release|Any CPU.Build.0 = Release|Any CPU
		{73DDA506-E7DC-444E-8250-7E7B771D40EE}.Debug|Any CPU.ActiveCfg = Debug|Any CPU
		{73DDA506-E7DC-444E-8250-7E7B771D40EE}.Debug|Any CPU.Build.0 = Debug|Any CPU
		{73DDA506-E7DC-444E-8250-7E7B771D40EE}.Release|Any CPU.ActiveCfg = Release|Any CPU
		{73DDA506-E7DC-444E-8250-7E7B771D40EE}.Release|Any CPU.Build.0 = Release|Any CPU
	EndGlobalSection
	GlobalSection(SolutionProperties) = preSolution
		HideSolutionNode = FALSE
	EndGlobalSection
	GlobalSection(ExtensibilityGlobals) = postSolution
		SolutionGuid = {D95F359A-0720-44B4-A79B-9D37A2247D84}
	EndGlobalSection
EndGlobal
