
Microsoft Visual Studio Solution File, Format Version 12.00
# Visual Studio Version 16
VisualStudioVersion = 16.0.29613.14
MinimumVisualStudioVersion = 10.0.40219.1
Project("{9A19103F-16F7-4668-BE54-9A1E7A4F7556}") = "_01", "_01\_01.csproj", "{8B2DA409-4223-48C2-87B8-38A0BB713D07}"
EndProject
Project("{9A19103F-16F7-4668-BE54-9A1E7A4F7556}") = "_02", "_02\_02.csproj", "{0CA7BC54-BA67-455A-A15C-66231EC4A409}"
EndProject
Project("{9A19103F-16F7-4668-BE54-9A1E7A4F7556}") = "_03", "_03\_03.csproj", "{92260EA0-BE15-4C53-8696-002664A55402}"
EndProject
Project("{9A19103F-16F7-4668-BE54-9A1E7A4F7556}") = "_04", "_04\_04.csproj", "{72DD5835-7A5D-4D9C-996E-E3189EE721B6}"
EndProject
Project("{9A19103F-16F7-4668-BE54-9A1E7A4F7556}") = "_05", "_05\_05.csproj", "{F32BC554-A8DD-4177-968C-24C28F9E5F31}"
EndProject
Project("{9A19103F-16F7-4668-BE54-9A1E7A4F7556}") = "_07", "_07\_07.csproj", "{DCD75950-374B-406F-B80D-3CBCC29DCC77}"
EndProject
Project("{9A19103F-16F7-4668-BE54-9A1E7A4F7556}") = "_08", "_08\_08.csproj", "{F789342D-59D7-44A9-A0B4-51866CE034D2}"
EndProject
Project("{9A19103F-16F7-4668-BE54-9A1E7A4F7556}") = "_09", "_09\_09.csproj", "{C8C73970-CEDA-4496-95EC-7ECB900050CA}"
EndProject
Project("{9A19103F-16F7-4668-BE54-9A1E7A4F7556}") = "_10", "_10\_10.csproj", "{DD37E80D-E349-4770-8672-262E446E519E}"
EndProject
Project("{9A19103F-16F7-4668-BE54-9A1E7A4F7556}") = "_11", "_11\_11.csproj", "{7DB24382-B2FA-4E16-B60C-756B202C66C3}"
EndProject
Project("{9A19103F-16F7-4668-BE54-9A1E7A4F7556}") = "_12", "_12\_12.csproj", "{792F24BC-698B-4165-82D0-82E06AFF81A9}"
EndProject
Project("{9A19103F-16F7-4668-BE54-9A1E7A4F7556}") = "_13", "_13\_13.csproj", "{9D4D11F9-275D-43C6-BE91-3CE4CC130EE8}"
EndProject
Project("{9A19103F-16F7-4668-BE54-9A1E7A4F7556}") = "_14", "_14\_14.csproj", "{E6FAB077-6BDF-4612-A01B-6363D0E67DC3}"
EndProject
Project("{9A19103F-16F7-4668-BE54-9A1E7A4F7556}") = "_15", "_15\_15.csproj", "{446F790F-5D7D-486E-8C51-578C302D6EB7}"
EndProject
Project("{9A19103F-16F7-4668-BE54-9A1E7A4F7556}") = "_16", "_16\_16.csproj", "{BDE52B40-3825-40C6-984D-D2AE48B78F8D}"
EndProject
Project("{9A19103F-16F7-4668-BE54-9A1E7A4F7556}") = "_17", "_17\_17.csproj", "{E1E93193-0A6B-4B5D-AFB5-C69C7643E710}"
EndProject
Project("{FAE04EC0-301F-11D3-BF4B-00C04F79EFBC}") = "_18", "_18\_18.csproj", "{A3EB0CD3-A4CB-470D-A4C6-3D3FDC455FE5}"
EndProject
Project("{FAE04EC0-301F-11D3-BF4B-00C04F79EFBC}") = "_19", "_19\_19.csproj", "{B8E3B28C-5991-4923-8EA9-D956AC0B9441}"
EndProject
Project("{FAE04EC0-301F-11D3-BF4B-00C04F79EFBC}") = "_20", "_20\_20.csproj", "{4C949301-FA28-41A1-BF57-45296CC5944E}"
EndProject
Project("{FAE04EC0-301F-11D3-BF4B-00C04F79EFBC}") = "_21", "_21\_21.csproj", "{783FEB2D-FA9B-461E-A4FA-578A7F4F1A09}"
EndProject
Project("{FAE04EC0-301F-11D3-BF4B-00C04F79EFBC}") = "_22", "_22\_22.csproj", "{E7851958-DAD4-40C8-8AA2-517A7F3F628E}"
EndProject
Global
	GlobalSection(SolutionConfigurationPlatforms) = preSolution
		Debug|Any CPU = Debug|Any CPU
		Release|Any CPU = Release|Any CPU
	EndGlobalSection
	GlobalSection(ProjectConfigurationPlatforms) = postSolution
		{8B2DA409-4223-48C2-87B8-38A0BB713D07}.Debug|Any CPU.ActiveCfg = Debug|Any CPU
		{8B2DA409-4223-48C2-87B8-38A0BB713D07}.Debug|Any CPU.Build.0 = Debug|Any CPU
		{8B2DA409-4223-48C2-87B8-38A0BB713D07}.Release|Any CPU.ActiveCfg = Release|Any CPU
		{8B2DA409-4223-48C2-87B8-38A0BB713D07}.Release|Any CPU.Build.0 = Release|Any CPU
		{0CA7BC54-BA67-455A-A15C-66231EC4A409}.Debug|Any CPU.ActiveCfg = Debug|Any CPU
		{0CA7BC54-BA67-455A-A15C-66231EC4A409}.Debug|Any CPU.Build.0 = Debug|Any CPU
		{0CA7BC54-BA67-455A-A15C-66231EC4A409}.Release|Any CPU.ActiveCfg = Release|Any CPU
		{0CA7BC54-BA67-455A-A15C-66231EC4A409}.Release|Any CPU.Build.0 = Release|Any CPU
		{92260EA0-BE15-4C53-8696-002664A55402}.Debug|Any CPU.ActiveCfg = Debug|Any CPU
		{92260EA0-BE15-4C53-8696-002664A55402}.Debug|Any CPU.Build.0 = Debug|Any CPU
		{92260EA0-BE15-4C53-8696-002664A55402}.Release|Any CPU.ActiveCfg = Release|Any CPU
		{92260EA0-BE15-4C53-8696-002664A55402}.Release|Any CPU.Build.0 = Release|Any CPU
		{72DD5835-7A5D-4D9C-996E-E3189EE721B6}.Debug|Any CPU.ActiveCfg = Debug|Any CPU
		{72DD5835-7A5D-4D9C-996E-E3189EE721B6}.Debug|Any CPU.Build.0 = Debug|Any CPU
		{72DD5835-7A5D-4D9C-996E-E3189EE721B6}.Release|Any CPU.ActiveCfg = Release|Any CPU
		{72DD5835-7A5D-4D9C-996E-E3189EE721B6}.Release|Any CPU.Build.0 = Release|Any CPU
		{F32BC554-A8DD-4177-968C-24C28F9E5F31}.Debug|Any CPU.ActiveCfg = Debug|Any CPU
		{F32BC554-A8DD-4177-968C-24C28F9E5F31}.Debug|Any CPU.Build.0 = Debug|Any CPU
		{F32BC554-A8DD-4177-968C-24C28F9E5F31}.Release|Any CPU.ActiveCfg = Release|Any CPU
		{F32BC554-A8DD-4177-968C-24C28F9E5F31}.Release|Any CPU.Build.0 = Release|Any CPU
		{DCD75950-374B-406F-B80D-3CBCC29DCC77}.Debug|Any CPU.ActiveCfg = Debug|Any CPU
		{DCD75950-374B-406F-B80D-3CBCC29DCC77}.Debug|Any CPU.Build.0 = Debug|Any CPU
		{DCD75950-374B-406F-B80D-3CBCC29DCC77}.Release|Any CPU.ActiveCfg = Release|Any CPU
		{DCD75950-374B-406F-B80D-3CBCC29DCC77}.Release|Any CPU.Build.0 = Release|Any CPU
		{F789342D-59D7-44A9-A0B4-51866CE034D2}.Debug|Any CPU.ActiveCfg = Debug|Any CPU
		{F789342D-59D7-44A9-A0B4-51866CE034D2}.Debug|Any CPU.Build.0 = Debug|Any CPU
		{F789342D-59D7-44A9-A0B4-51866CE034D2}.Release|Any CPU.ActiveCfg = Release|Any CPU
		{F789342D-59D7-44A9-A0B4-51866CE034D2}.Release|Any CPU.Build.0 = Release|Any CPU
		{C8C73970-CEDA-4496-95EC-7ECB900050CA}.Debug|Any CPU.ActiveCfg = Debug|Any CPU
		{C8C73970-CEDA-4496-95EC-7ECB900050CA}.Debug|Any CPU.Build.0 = Debug|Any CPU
		{C8C73970-CEDA-4496-95EC-7ECB900050CA}.Release|Any CPU.ActiveCfg = Release|Any CPU
		{C8C73970-CEDA-4496-95EC-7ECB900050CA}.Release|Any CPU.Build.0 = Release|Any CPU
		{DD37E80D-E349-4770-8672-262E446E519E}.Debug|Any CPU.ActiveCfg = Debug|Any CPU
		{DD37E80D-E349-4770-8672-262E446E519E}.Debug|Any CPU.Build.0 = Debug|Any CPU
		{DD37E80D-E349-4770-8672-262E446E519E}.Release|Any CPU.ActiveCfg = Release|Any CPU
		{DD37E80D-E349-4770-8672-262E446E519E}.Release|Any CPU.Build.0 = Release|Any CPU
		{7DB24382-B2FA-4E16-B60C-756B202C66C3}.Debug|Any CPU.ActiveCfg = Debug|Any CPU
		{7DB24382-B2FA-4E16-B60C-756B202C66C3}.Debug|Any CPU.Build.0 = Debug|Any CPU
		{7DB24382-B2FA-4E16-B60C-756B202C66C3}.Release|Any CPU.ActiveCfg = Release|Any CPU
		{7DB24382-B2FA-4E16-B60C-756B202C66C3}.Release|Any CPU.Build.0 = Release|Any CPU
		{792F24BC-698B-4165-82D0-82E06AFF81A9}.Debug|Any CPU.ActiveCfg = Debug|Any CPU
		{792F24BC-698B-4165-82D0-82E06AFF81A9}.Debug|Any CPU.Build.0 = Debug|Any CPU
		{792F24BC-698B-4165-82D0-82E06AFF81A9}.Release|Any CPU.ActiveCfg = Release|Any CPU
		{792F24BC-698B-4165-82D0-82E06AFF81A9}.Release|Any CPU.Build.0 = Release|Any CPU
		{9D4D11F9-275D-43C6-BE91-3CE4CC130EE8}.Debug|Any CPU.ActiveCfg = Debug|Any CPU
		{9D4D11F9-275D-43C6-BE91-3CE4CC130EE8}.Debug|Any CPU.Build.0 = Debug|Any CPU
		{9D4D11F9-275D-43C6-BE91-3CE4CC130EE8}.Release|Any CPU.ActiveCfg = Release|Any CPU
		{9D4D11F9-275D-43C6-BE91-3CE4CC130EE8}.Release|Any CPU.Build.0 = Release|Any CPU
		{E6FAB077-6BDF-4612-A01B-6363D0E67DC3}.Debug|Any CPU.ActiveCfg = Debug|Any CPU
		{E6FAB077-6BDF-4612-A01B-6363D0E67DC3}.Debug|Any CPU.Build.0 = Debug|Any CPU
		{E6FAB077-6BDF-4612-A01B-6363D0E67DC3}.Release|Any CPU.ActiveCfg = Release|Any CPU
		{E6FAB077-6BDF-4612-A01B-6363D0E67DC3}.Release|Any CPU.Build.0 = Release|Any CPU
		{446F790F-5D7D-486E-8C51-578C302D6EB7}.Debug|Any CPU.ActiveCfg = Debug|Any CPU
		{446F790F-5D7D-486E-8C51-578C302D6EB7}.Debug|Any CPU.Build.0 = Debug|Any CPU
		{446F790F-5D7D-486E-8C51-578C302D6EB7}.Release|Any CPU.ActiveCfg = Release|Any CPU
		{446F790F-5D7D-486E-8C51-578C302D6EB7}.Release|Any CPU.Build.0 = Release|Any CPU
		{BDE52B40-3825-40C6-984D-D2AE48B78F8D}.Debug|Any CPU.ActiveCfg = Debug|Any CPU
		{BDE52B40-3825-40C6-984D-D2AE48B78F8D}.Debug|Any CPU.Build.0 = Debug|Any CPU
		{BDE52B40-3825-40C6-984D-D2AE48B78F8D}.Release|Any CPU.ActiveCfg = Release|Any CPU
		{BDE52B40-3825-40C6-984D-D2AE48B78F8D}.Release|Any CPU.Build.0 = Release|Any CPU
		{E1E93193-0A6B-4B5D-AFB5-C69C7643E710}.Debug|Any CPU.ActiveCfg = Debug|Any CPU
		{E1E93193-0A6B-4B5D-AFB5-C69C7643E710}.Debug|Any CPU.Build.0 = Debug|Any CPU
		{E1E93193-0A6B-4B5D-AFB5-C69C7643E710}.Release|Any CPU.ActiveCfg = Release|Any CPU
		{E1E93193-0A6B-4B5D-AFB5-C69C7643E710}.Release|Any CPU.Build.0 = Release|Any CPU
		{A3EB0CD3-A4CB-470D-A4C6-3D3FDC455FE5}.Debug|Any CPU.ActiveCfg = Debug|Any CPU
		{A3EB0CD3-A4CB-470D-A4C6-3D3FDC455FE5}.Debug|Any CPU.Build.0 = Debug|Any CPU
		{A3EB0CD3-A4CB-470D-A4C6-3D3FDC455FE5}.Release|Any CPU.ActiveCfg = Release|Any CPU
		{A3EB0CD3-A4CB-470D-A4C6-3D3FDC455FE5}.Release|Any CPU.Build.0 = Release|Any CPU
		{B8E3B28C-5991-4923-8EA9-D956AC0B9441}.Debug|Any CPU.ActiveCfg = Debug|Any CPU
		{B8E3B28C-5991-4923-8EA9-D956AC0B9441}.Debug|Any CPU.Build.0 = Debug|Any CPU
		{B8E3B28C-5991-4923-8EA9-D956AC0B9441}.Release|Any CPU.ActiveCfg = Release|Any CPU
		{B8E3B28C-5991-4923-8EA9-D956AC0B9441}.Release|Any CPU.Build.0 = Release|Any CPU
		{4C949301-FA28-41A1-BF57-45296CC5944E}.Debug|Any CPU.ActiveCfg = Debug|Any CPU
		{4C949301-FA28-41A1-BF57-45296CC5944E}.Debug|Any CPU.Build.0 = Debug|Any CPU
		{4C949301-FA28-41A1-BF57-45296CC5944E}.Release|Any CPU.ActiveCfg = Release|Any CPU
		{4C949301-FA28-41A1-BF57-45296CC5944E}.Release|Any CPU.Build.0 = Release|Any CPU
		{783FEB2D-FA9B-461E-A4FA-578A7F4F1A09}.Debug|Any CPU.ActiveCfg = Debug|Any CPU
		{783FEB2D-FA9B-461E-A4FA-578A7F4F1A09}.Debug|Any CPU.Build.0 = Debug|Any CPU
		{783FEB2D-FA9B-461E-A4FA-578A7F4F1A09}.Release|Any CPU.ActiveCfg = Release|Any CPU
		{783FEB2D-FA9B-461E-A4FA-578A7F4F1A09}.Release|Any CPU.Build.0 = Release|Any CPU
		{E7851958-DAD4-40C8-8AA2-517A7F3F628E}.Debug|Any CPU.ActiveCfg = Debug|Any CPU
		{E7851958-DAD4-40C8-8AA2-517A7F3F628E}.Debug|Any CPU.Build.0 = Debug|Any CPU
		{E7851958-DAD4-40C8-8AA2-517A7F3F628E}.Release|Any CPU.ActiveCfg = Release|Any CPU
		{E7851958-DAD4-40C8-8AA2-517A7F3F628E}.Release|Any CPU.Build.0 = Release|Any CPU
	EndGlobalSection
	GlobalSection(SolutionProperties) = preSolution
		HideSolutionNode = FALSE
	EndGlobalSection
	GlobalSection(ExtensibilityGlobals) = postSolution
		SolutionGuid = {42B6A8EC-72CD-449A-B3D1-C579CDF700E9}
	EndGlobalSection
EndGlobal
